
Microsoft Visual Studio Solution File, Format Version 12.00
# Visual Studio 15
VisualStudioVersion = 15.0.27130.2010
MinimumVisualStudioVersion = 10.0.40219.1
Project("{FAE04EC0-301F-11D3-BF4B-00C04F79EFBC}") = "Casimodo.Lib", "Casimodo.Lib\Casimodo.Lib.csproj", "{AB861142-B4E0-4299-9CD4-E17B8295159F}"
EndProject
Project("{FAE04EC0-301F-11D3-BF4B-00C04F79EFBC}") = "Casimodo.Lib.Data", "Casimodo.Lib.Data\Casimodo.Lib.Data.csproj", "{14682976-50A0-4EC3-ADC2-F99B191FE432}"
EndProject
Project("{FAE04EC0-301F-11D3-BF4B-00C04F79EFBC}") = "Casimodo.Lib.Mojen", "Casimodo.Lib.Mojen\Casimodo.Lib.Mojen.csproj", "{CEBD4214-F8B6-4281-9A2E-389555171811}"
EndProject
Project("{FAE04EC0-301F-11D3-BF4B-00C04F79EFBC}") = "Casimodo.Lib.Mojen.Generators", "Casimodo.Lib.Mojen.Generators\Casimodo.Lib.Mojen.Generators.csproj", "{3645F8F3-9172-45F0-AD20-5651B00A7F45}"
EndProject
Project("{FAE04EC0-301F-11D3-BF4B-00C04F79EFBC}") = "Casimodo.Lib.Web", "Casimodo.Lib.Web\Casimodo.Lib.Web.csproj", "{00B9C8F7-23C5-47E5-9C20-B6467F19D89C}"
EndProject
Project("{FAE04EC0-301F-11D3-BF4B-00C04F79EFBC}") = "Casimodo.Lib.Parsing", "Casimodo.Lib.Parsing\Casimodo.Lib.Parsing.csproj", "{F6A3CB5D-2355-4310-AF47-5FD64E000263}"
EndProject
Project("{FAE04EC0-301F-11D3-BF4B-00C04F79EFBC}") = "Casimodo.Lib.TypeBuilder", "Casimodo.Lib.TypeBuilder\Casimodo.Lib.TypeBuilder.csproj", "{7369E6E2-BE36-4E8A-9609-A9EA42FD590B}"
EndProject
Project("{FAE04EC0-301F-11D3-BF4B-00C04F79EFBC}") = "Casimodo.Lib.Mojen.Views", "Casimodo.Lib.Mojen.Views\Casimodo.Lib.Mojen.Views.csproj", "{E7B30B2D-E791-4032-80E2-1B4DB4BE4F02}"
EndProject
Project("{FAE04EC0-301F-11D3-BF4B-00C04F79EFBC}") = "Casimodo.Lib.Database", "Casimodo.Lib.Database\Casimodo.Lib.Database.csproj", "{E3F40C64-0ABD-4560-9C8F-F9761AE7097E}"
EndProject
Project("{FAE04EC0-301F-11D3-BF4B-00C04F79EFBC}") = "Casimodo.Lib.Common", "Casimodo.Lib.Common\Casimodo.Lib.Common.csproj", "{CC1F07B0-D025-4CD2-A45F-524CFFADF671}"
EndProject
Project("{FAE04EC0-301F-11D3-BF4B-00C04F79EFBC}") = "Casimodo.Lib.UI", "Casimodo.Lib.UI\Casimodo.Lib.UI.csproj", "{F0D997B9-B87C-4AE6-BF1A-A4E9738858B4}"
EndProject
Project("{FAE04EC0-301F-11D3-BF4B-00C04F79EFBC}") = "Casimodo.Lib.UserDatabase", "Casimodo.Lib.UserDatabase\Casimodo.Lib.UserDatabase.csproj", "{DAA7D375-CD1A-4BA0-BAC1-01C2A3D62FAA}"
EndProject
Global
	GlobalSection(SolutionConfigurationPlatforms) = preSolution
		Debug|Any CPU = Debug|Any CPU
		Debug|ARM = Debug|ARM
		Debug|x64 = Debug|x64
		Debug|x86 = Debug|x86
		Debug-GFA|Any CPU = Debug-GFA|Any CPU
		Debug-GFA|ARM = Debug-GFA|ARM
		Debug-GFA|x64 = Debug-GFA|x64
		Debug-GFA|x86 = Debug-GFA|x86
		Debug-x64|Any CPU = Debug-x64|Any CPU
		Debug-x64|ARM = Debug-x64|ARM
		Debug-x64|x64 = Debug-x64|x64
		Debug-x64|x86 = Debug-x64|x86
		Release|Any CPU = Release|Any CPU
		Release|ARM = Release|ARM
		Release|x64 = Release|x64
		Release|x86 = Release|x86
		Release-Services-x86|Any CPU = Release-Services-x86|Any CPU
		Release-Services-x86|ARM = Release-Services-x86|ARM
		Release-Services-x86|x64 = Release-Services-x86|x64
		Release-Services-x86|x86 = Release-Services-x86|x86
		Release-x86|Any CPU = Release-x86|Any CPU
		Release-x86|ARM = Release-x86|ARM
		Release-x86|x64 = Release-x86|x64
		Release-x86|x86 = Release-x86|x86
		test|Any CPU = test|Any CPU
		test|ARM = test|ARM
		test|x64 = test|x64
		test|x86 = test|x86
	EndGlobalSection
	GlobalSection(ProjectConfigurationPlatforms) = postSolution
		{AB861142-B4E0-4299-9CD4-E17B8295159F}.Debug|Any CPU.ActiveCfg = Debug|Any CPU
		{AB861142-B4E0-4299-9CD4-E17B8295159F}.Debug|Any CPU.Build.0 = Debug|Any CPU
		{AB861142-B4E0-4299-9CD4-E17B8295159F}.Debug|ARM.ActiveCfg = Debug|Any CPU
		{AB861142-B4E0-4299-9CD4-E17B8295159F}.Debug|ARM.Build.0 = Debug|Any CPU
		{AB861142-B4E0-4299-9CD4-E17B8295159F}.Debug|x64.ActiveCfg = Debug|x64
		{AB861142-B4E0-4299-9CD4-E17B8295159F}.Debug|x64.Build.0 = Debug|x64
		{AB861142-B4E0-4299-9CD4-E17B8295159F}.Debug|x86.ActiveCfg = Debug|x86
		{AB861142-B4E0-4299-9CD4-E17B8295159F}.Debug|x86.Build.0 = Debug|x86
		{AB861142-B4E0-4299-9CD4-E17B8295159F}.Debug-GFA|Any CPU.ActiveCfg = Debug-GFA|Any CPU
		{AB861142-B4E0-4299-9CD4-E17B8295159F}.Debug-GFA|Any CPU.Build.0 = Debug-GFA|Any CPU
		{AB861142-B4E0-4299-9CD4-E17B8295159F}.Debug-GFA|ARM.ActiveCfg = Debug-GFA|Any CPU
		{AB861142-B4E0-4299-9CD4-E17B8295159F}.Debug-GFA|ARM.Build.0 = Debug-GFA|Any CPU
		{AB861142-B4E0-4299-9CD4-E17B8295159F}.Debug-GFA|x64.ActiveCfg = Debug-GFA|x64
		{AB861142-B4E0-4299-9CD4-E17B8295159F}.Debug-GFA|x64.Build.0 = Debug-GFA|x64
		{AB861142-B4E0-4299-9CD4-E17B8295159F}.Debug-GFA|x86.ActiveCfg = Debug-GFA|x86
		{AB861142-B4E0-4299-9CD4-E17B8295159F}.Debug-GFA|x86.Build.0 = Debug-GFA|x86
		{AB861142-B4E0-4299-9CD4-E17B8295159F}.Debug-x64|Any CPU.ActiveCfg = Debug-x64|Any CPU
		{AB861142-B4E0-4299-9CD4-E17B8295159F}.Debug-x64|Any CPU.Build.0 = Debug-x64|Any CPU
		{AB861142-B4E0-4299-9CD4-E17B8295159F}.Debug-x64|ARM.ActiveCfg = Debug-x64|Any CPU
		{AB861142-B4E0-4299-9CD4-E17B8295159F}.Debug-x64|ARM.Build.0 = Debug-x64|Any CPU
		{AB861142-B4E0-4299-9CD4-E17B8295159F}.Debug-x64|x64.ActiveCfg = Debug-x64|x64
		{AB861142-B4E0-4299-9CD4-E17B8295159F}.Debug-x64|x64.Build.0 = Debug-x64|x64
		{AB861142-B4E0-4299-9CD4-E17B8295159F}.Debug-x64|x86.ActiveCfg = Debug-x64|x86
		{AB861142-B4E0-4299-9CD4-E17B8295159F}.Debug-x64|x86.Build.0 = Debug-x64|x86
		{AB861142-B4E0-4299-9CD4-E17B8295159F}.Release|Any CPU.ActiveCfg = Release|Any CPU
		{AB861142-B4E0-4299-9CD4-E17B8295159F}.Release|Any CPU.Build.0 = Release|Any CPU
		{AB861142-B4E0-4299-9CD4-E17B8295159F}.Release|ARM.ActiveCfg = Release|Any CPU
		{AB861142-B4E0-4299-9CD4-E17B8295159F}.Release|ARM.Build.0 = Release|Any CPU
		{AB861142-B4E0-4299-9CD4-E17B8295159F}.Release|x64.ActiveCfg = Release|x64
		{AB861142-B4E0-4299-9CD4-E17B8295159F}.Release|x64.Build.0 = Release|x64
		{AB861142-B4E0-4299-9CD4-E17B8295159F}.Release|x86.ActiveCfg = Release|x86
		{AB861142-B4E0-4299-9CD4-E17B8295159F}.Release|x86.Build.0 = Release|x86
		{AB861142-B4E0-4299-9CD4-E17B8295159F}.Release-Services-x86|Any CPU.ActiveCfg = Release|Any CPU
		{AB861142-B4E0-4299-9CD4-E17B8295159F}.Release-Services-x86|Any CPU.Build.0 = Release|Any CPU
		{AB861142-B4E0-4299-9CD4-E17B8295159F}.Release-Services-x86|ARM.ActiveCfg = Release|Any CPU
		{AB861142-B4E0-4299-9CD4-E17B8295159F}.Release-Services-x86|ARM.Build.0 = Release|Any CPU
		{AB861142-B4E0-4299-9CD4-E17B8295159F}.Release-Services-x86|x64.ActiveCfg = Release|x64
		{AB861142-B4E0-4299-9CD4-E17B8295159F}.Release-Services-x86|x64.Build.0 = Release|x64
		{AB861142-B4E0-4299-9CD4-E17B8295159F}.Release-Services-x86|x86.ActiveCfg = Release|x86
		{AB861142-B4E0-4299-9CD4-E17B8295159F}.Release-Services-x86|x86.Build.0 = Release|x86
		{AB861142-B4E0-4299-9CD4-E17B8295159F}.Release-x86|Any CPU.ActiveCfg = Release|Any CPU
		{AB861142-B4E0-4299-9CD4-E17B8295159F}.Release-x86|Any CPU.Build.0 = Release|Any CPU
		{AB861142-B4E0-4299-9CD4-E17B8295159F}.Release-x86|ARM.ActiveCfg = Release|Any CPU
		{AB861142-B4E0-4299-9CD4-E17B8295159F}.Release-x86|ARM.Build.0 = Release|Any CPU
		{AB861142-B4E0-4299-9CD4-E17B8295159F}.Release-x86|x64.ActiveCfg = Release|x64
		{AB861142-B4E0-4299-9CD4-E17B8295159F}.Release-x86|x64.Build.0 = Release|x64
		{AB861142-B4E0-4299-9CD4-E17B8295159F}.Release-x86|x86.ActiveCfg = Release|x86
		{AB861142-B4E0-4299-9CD4-E17B8295159F}.Release-x86|x86.Build.0 = Release|x86
		{AB861142-B4E0-4299-9CD4-E17B8295159F}.test|Any CPU.ActiveCfg = Release|Any CPU
		{AB861142-B4E0-4299-9CD4-E17B8295159F}.test|Any CPU.Build.0 = Release|Any CPU
		{AB861142-B4E0-4299-9CD4-E17B8295159F}.test|ARM.ActiveCfg = Release|Any CPU
		{AB861142-B4E0-4299-9CD4-E17B8295159F}.test|ARM.Build.0 = Release|Any CPU
		{AB861142-B4E0-4299-9CD4-E17B8295159F}.test|x64.ActiveCfg = Release|x64
		{AB861142-B4E0-4299-9CD4-E17B8295159F}.test|x64.Build.0 = Release|x64
		{AB861142-B4E0-4299-9CD4-E17B8295159F}.test|x86.ActiveCfg = Release|x86
		{AB861142-B4E0-4299-9CD4-E17B8295159F}.test|x86.Build.0 = Release|x86
		{14682976-50A0-4EC3-ADC2-F99B191FE432}.Debug|Any CPU.ActiveCfg = Debug|Any CPU
		{14682976-50A0-4EC3-ADC2-F99B191FE432}.Debug|Any CPU.Build.0 = Debug|Any CPU
		{14682976-50A0-4EC3-ADC2-F99B191FE432}.Debug|ARM.ActiveCfg = Debug|Any CPU
		{14682976-50A0-4EC3-ADC2-F99B191FE432}.Debug|ARM.Build.0 = Debug|Any CPU
		{14682976-50A0-4EC3-ADC2-F99B191FE432}.Debug|x64.ActiveCfg = Debug|Any CPU
		{14682976-50A0-4EC3-ADC2-F99B191FE432}.Debug|x86.ActiveCfg = Debug|Any CPU
		{14682976-50A0-4EC3-ADC2-F99B191FE432}.Debug-GFA|Any CPU.ActiveCfg = Debug|Any CPU
		{14682976-50A0-4EC3-ADC2-F99B191FE432}.Debug-GFA|Any CPU.Build.0 = Debug|Any CPU
		{14682976-50A0-4EC3-ADC2-F99B191FE432}.Debug-GFA|ARM.ActiveCfg = Debug|Any CPU
		{14682976-50A0-4EC3-ADC2-F99B191FE432}.Debug-GFA|ARM.Build.0 = Debug|Any CPU
		{14682976-50A0-4EC3-ADC2-F99B191FE432}.Debug-GFA|x64.ActiveCfg = Debug|Any CPU
		{14682976-50A0-4EC3-ADC2-F99B191FE432}.Debug-GFA|x64.Build.0 = Debug|Any CPU
		{14682976-50A0-4EC3-ADC2-F99B191FE432}.Debug-GFA|x86.ActiveCfg = Debug|Any CPU
		{14682976-50A0-4EC3-ADC2-F99B191FE432}.Debug-GFA|x86.Build.0 = Debug|Any CPU
		{14682976-50A0-4EC3-ADC2-F99B191FE432}.Debug-x64|Any CPU.ActiveCfg = Debug|Any CPU
		{14682976-50A0-4EC3-ADC2-F99B191FE432}.Debug-x64|Any CPU.Build.0 = Debug|Any CPU
		{14682976-50A0-4EC3-ADC2-F99B191FE432}.Debug-x64|ARM.ActiveCfg = Debug|Any CPU
		{14682976-50A0-4EC3-ADC2-F99B191FE432}.Debug-x64|ARM.Build.0 = Debug|Any CPU
		{14682976-50A0-4EC3-ADC2-F99B191FE432}.Debug-x64|x64.ActiveCfg = Debug|Any CPU
		{14682976-50A0-4EC3-ADC2-F99B191FE432}.Debug-x64|x64.Build.0 = Debug|Any CPU
		{14682976-50A0-4EC3-ADC2-F99B191FE432}.Debug-x64|x86.ActiveCfg = Debug|Any CPU
		{14682976-50A0-4EC3-ADC2-F99B191FE432}.Debug-x64|x86.Build.0 = Debug|Any CPU
		{14682976-50A0-4EC3-ADC2-F99B191FE432}.Release|Any CPU.ActiveCfg = Release|Any CPU
		{14682976-50A0-4EC3-ADC2-F99B191FE432}.Release|Any CPU.Build.0 = Release|Any CPU
		{14682976-50A0-4EC3-ADC2-F99B191FE432}.Release|ARM.ActiveCfg = Release|Any CPU
		{14682976-50A0-4EC3-ADC2-F99B191FE432}.Release|ARM.Build.0 = Release|Any CPU
		{14682976-50A0-4EC3-ADC2-F99B191FE432}.Release|x64.ActiveCfg = Release|Any CPU
		{14682976-50A0-4EC3-ADC2-F99B191FE432}.Release|x86.ActiveCfg = Release|Any CPU
		{14682976-50A0-4EC3-ADC2-F99B191FE432}.Release-Services-x86|Any CPU.ActiveCfg = Release|Any CPU
		{14682976-50A0-4EC3-ADC2-F99B191FE432}.Release-Services-x86|Any CPU.Build.0 = Release|Any CPU
		{14682976-50A0-4EC3-ADC2-F99B191FE432}.Release-Services-x86|ARM.ActiveCfg = Release|Any CPU
		{14682976-50A0-4EC3-ADC2-F99B191FE432}.Release-Services-x86|ARM.Build.0 = Release|Any CPU
		{14682976-50A0-4EC3-ADC2-F99B191FE432}.Release-Services-x86|x64.ActiveCfg = Release|Any CPU
		{14682976-50A0-4EC3-ADC2-F99B191FE432}.Release-Services-x86|x86.ActiveCfg = Release|Any CPU
		{14682976-50A0-4EC3-ADC2-F99B191FE432}.Release-x86|Any CPU.ActiveCfg = Release|Any CPU
		{14682976-50A0-4EC3-ADC2-F99B191FE432}.Release-x86|Any CPU.Build.0 = Release|Any CPU
		{14682976-50A0-4EC3-ADC2-F99B191FE432}.Release-x86|ARM.ActiveCfg = Release|Any CPU
		{14682976-50A0-4EC3-ADC2-F99B191FE432}.Release-x86|ARM.Build.0 = Release|Any CPU
		{14682976-50A0-4EC3-ADC2-F99B191FE432}.Release-x86|x64.ActiveCfg = Release|Any CPU
		{14682976-50A0-4EC3-ADC2-F99B191FE432}.Release-x86|x86.ActiveCfg = Release|Any CPU
		{14682976-50A0-4EC3-ADC2-F99B191FE432}.test|Any CPU.ActiveCfg = Release|Any CPU
		{14682976-50A0-4EC3-ADC2-F99B191FE432}.test|Any CPU.Build.0 = Release|Any CPU
		{14682976-50A0-4EC3-ADC2-F99B191FE432}.test|ARM.ActiveCfg = Release|Any CPU
		{14682976-50A0-4EC3-ADC2-F99B191FE432}.test|ARM.Build.0 = Release|Any CPU
		{14682976-50A0-4EC3-ADC2-F99B191FE432}.test|x64.ActiveCfg = Release|Any CPU
		{14682976-50A0-4EC3-ADC2-F99B191FE432}.test|x86.ActiveCfg = Release|Any CPU
		{CEBD4214-F8B6-4281-9A2E-389555171811}.Debug|Any CPU.ActiveCfg = Debug|Any CPU
		{CEBD4214-F8B6-4281-9A2E-389555171811}.Debug|Any CPU.Build.0 = Debug|Any CPU
		{CEBD4214-F8B6-4281-9A2E-389555171811}.Debug|ARM.ActiveCfg = Debug|Any CPU
		{CEBD4214-F8B6-4281-9A2E-389555171811}.Debug|ARM.Build.0 = Debug|Any CPU
		{CEBD4214-F8B6-4281-9A2E-389555171811}.Debug|x64.ActiveCfg = Debug|x64
		{CEBD4214-F8B6-4281-9A2E-389555171811}.Debug|x64.Build.0 = Debug|x64
		{CEBD4214-F8B6-4281-9A2E-389555171811}.Debug|x86.ActiveCfg = Debug|x86
		{CEBD4214-F8B6-4281-9A2E-389555171811}.Debug|x86.Build.0 = Debug|x86
		{CEBD4214-F8B6-4281-9A2E-389555171811}.Debug-GFA|Any CPU.ActiveCfg = Debug-GFA|Any CPU
		{CEBD4214-F8B6-4281-9A2E-389555171811}.Debug-GFA|Any CPU.Build.0 = Debug-GFA|Any CPU
		{CEBD4214-F8B6-4281-9A2E-389555171811}.Debug-GFA|ARM.ActiveCfg = Debug-GFA|Any CPU
		{CEBD4214-F8B6-4281-9A2E-389555171811}.Debug-GFA|ARM.Build.0 = Debug-GFA|Any CPU
		{CEBD4214-F8B6-4281-9A2E-389555171811}.Debug-GFA|x64.ActiveCfg = Debug-GFA|x64
		{CEBD4214-F8B6-4281-9A2E-389555171811}.Debug-GFA|x64.Build.0 = Debug-GFA|x64
		{CEBD4214-F8B6-4281-9A2E-389555171811}.Debug-GFA|x86.ActiveCfg = Debug-GFA|x86
		{CEBD4214-F8B6-4281-9A2E-389555171811}.Debug-GFA|x86.Build.0 = Debug-GFA|x86
		{CEBD4214-F8B6-4281-9A2E-389555171811}.Debug-x64|Any CPU.ActiveCfg = Debug-x64|Any CPU
		{CEBD4214-F8B6-4281-9A2E-389555171811}.Debug-x64|Any CPU.Build.0 = Debug-x64|Any CPU
		{CEBD4214-F8B6-4281-9A2E-389555171811}.Debug-x64|ARM.ActiveCfg = Debug-x64|Any CPU
		{CEBD4214-F8B6-4281-9A2E-389555171811}.Debug-x64|ARM.Build.0 = Debug-x64|Any CPU
		{CEBD4214-F8B6-4281-9A2E-389555171811}.Debug-x64|x64.ActiveCfg = Debug-x64|x64
		{CEBD4214-F8B6-4281-9A2E-389555171811}.Debug-x64|x64.Build.0 = Debug-x64|x64
		{CEBD4214-F8B6-4281-9A2E-389555171811}.Debug-x64|x86.ActiveCfg = Debug-x64|x86
		{CEBD4214-F8B6-4281-9A2E-389555171811}.Debug-x64|x86.Build.0 = Debug-x64|x86
		{CEBD4214-F8B6-4281-9A2E-389555171811}.Release|Any CPU.ActiveCfg = Release|Any CPU
		{CEBD4214-F8B6-4281-9A2E-389555171811}.Release|Any CPU.Build.0 = Release|Any CPU
		{CEBD4214-F8B6-4281-9A2E-389555171811}.Release|ARM.ActiveCfg = Release|Any CPU
		{CEBD4214-F8B6-4281-9A2E-389555171811}.Release|ARM.Build.0 = Release|Any CPU
		{CEBD4214-F8B6-4281-9A2E-389555171811}.Release|x64.ActiveCfg = Release|x64
		{CEBD4214-F8B6-4281-9A2E-389555171811}.Release|x64.Build.0 = Release|x64
		{CEBD4214-F8B6-4281-9A2E-389555171811}.Release|x86.ActiveCfg = Release|x86
		{CEBD4214-F8B6-4281-9A2E-389555171811}.Release|x86.Build.0 = Release|x86
		{CEBD4214-F8B6-4281-9A2E-389555171811}.Release-Services-x86|Any CPU.ActiveCfg = Release|Any CPU
		{CEBD4214-F8B6-4281-9A2E-389555171811}.Release-Services-x86|Any CPU.Build.0 = Release|Any CPU
		{CEBD4214-F8B6-4281-9A2E-389555171811}.Release-Services-x86|ARM.ActiveCfg = Release|Any CPU
		{CEBD4214-F8B6-4281-9A2E-389555171811}.Release-Services-x86|ARM.Build.0 = Release|Any CPU
		{CEBD4214-F8B6-4281-9A2E-389555171811}.Release-Services-x86|x64.ActiveCfg = Release|x64
		{CEBD4214-F8B6-4281-9A2E-389555171811}.Release-Services-x86|x64.Build.0 = Release|x64
		{CEBD4214-F8B6-4281-9A2E-389555171811}.Release-Services-x86|x86.ActiveCfg = Release|x86
		{CEBD4214-F8B6-4281-9A2E-389555171811}.Release-Services-x86|x86.Build.0 = Release|x86
		{CEBD4214-F8B6-4281-9A2E-389555171811}.Release-x86|Any CPU.ActiveCfg = Release|Any CPU
		{CEBD4214-F8B6-4281-9A2E-389555171811}.Release-x86|Any CPU.Build.0 = Release|Any CPU
		{CEBD4214-F8B6-4281-9A2E-389555171811}.Release-x86|ARM.ActiveCfg = Release|Any CPU
		{CEBD4214-F8B6-4281-9A2E-389555171811}.Release-x86|ARM.Build.0 = Release|Any CPU
		{CEBD4214-F8B6-4281-9A2E-389555171811}.Release-x86|x64.ActiveCfg = Release|x64
		{CEBD4214-F8B6-4281-9A2E-389555171811}.Release-x86|x64.Build.0 = Release|x64
		{CEBD4214-F8B6-4281-9A2E-389555171811}.Release-x86|x86.ActiveCfg = Release|x86
		{CEBD4214-F8B6-4281-9A2E-389555171811}.Release-x86|x86.Build.0 = Release|x86
		{CEBD4214-F8B6-4281-9A2E-389555171811}.test|Any CPU.ActiveCfg = Release|Any CPU
		{CEBD4214-F8B6-4281-9A2E-389555171811}.test|Any CPU.Build.0 = Release|Any CPU
		{CEBD4214-F8B6-4281-9A2E-389555171811}.test|ARM.ActiveCfg = Release|Any CPU
		{CEBD4214-F8B6-4281-9A2E-389555171811}.test|ARM.Build.0 = Release|Any CPU
		{CEBD4214-F8B6-4281-9A2E-389555171811}.test|x64.ActiveCfg = Release|x64
		{CEBD4214-F8B6-4281-9A2E-389555171811}.test|x64.Build.0 = Release|x64
		{CEBD4214-F8B6-4281-9A2E-389555171811}.test|x86.ActiveCfg = Release|x86
		{CEBD4214-F8B6-4281-9A2E-389555171811}.test|x86.Build.0 = Release|x86
		{3645F8F3-9172-45F0-AD20-5651B00A7F45}.Debug|Any CPU.ActiveCfg = Debug|Any CPU
		{3645F8F3-9172-45F0-AD20-5651B00A7F45}.Debug|Any CPU.Build.0 = Debug|Any CPU
		{3645F8F3-9172-45F0-AD20-5651B00A7F45}.Debug|ARM.ActiveCfg = Debug|Any CPU
		{3645F8F3-9172-45F0-AD20-5651B00A7F45}.Debug|ARM.Build.0 = Debug|Any CPU
		{3645F8F3-9172-45F0-AD20-5651B00A7F45}.Debug|x64.ActiveCfg = Debug|Any CPU
		{3645F8F3-9172-45F0-AD20-5651B00A7F45}.Debug|x86.ActiveCfg = Debug|Any CPU
		{3645F8F3-9172-45F0-AD20-5651B00A7F45}.Debug-GFA|Any CPU.ActiveCfg = Debug-GFA|Any CPU
		{3645F8F3-9172-45F0-AD20-5651B00A7F45}.Debug-GFA|Any CPU.Build.0 = Debug-GFA|Any CPU
		{3645F8F3-9172-45F0-AD20-5651B00A7F45}.Debug-GFA|ARM.ActiveCfg = Debug-GFA|Any CPU
		{3645F8F3-9172-45F0-AD20-5651B00A7F45}.Debug-GFA|ARM.Build.0 = Debug-GFA|Any CPU
		{3645F8F3-9172-45F0-AD20-5651B00A7F45}.Debug-GFA|x64.ActiveCfg = Debug-GFA|x64
		{3645F8F3-9172-45F0-AD20-5651B00A7F45}.Debug-GFA|x64.Build.0 = Debug-GFA|x64
		{3645F8F3-9172-45F0-AD20-5651B00A7F45}.Debug-GFA|x86.ActiveCfg = Debug-GFA|x86
		{3645F8F3-9172-45F0-AD20-5651B00A7F45}.Debug-GFA|x86.Build.0 = Debug-GFA|x86
		{3645F8F3-9172-45F0-AD20-5651B00A7F45}.Debug-x64|Any CPU.ActiveCfg = Debug-x64|Any CPU
		{3645F8F3-9172-45F0-AD20-5651B00A7F45}.Debug-x64|Any CPU.Build.0 = Debug-x64|Any CPU
		{3645F8F3-9172-45F0-AD20-5651B00A7F45}.Debug-x64|ARM.ActiveCfg = Debug-x64|Any CPU
		{3645F8F3-9172-45F0-AD20-5651B00A7F45}.Debug-x64|ARM.Build.0 = Debug-x64|Any CPU
		{3645F8F3-9172-45F0-AD20-5651B00A7F45}.Debug-x64|x64.ActiveCfg = Debug-x64|x64
		{3645F8F3-9172-45F0-AD20-5651B00A7F45}.Debug-x64|x64.Build.0 = Debug-x64|x64
		{3645F8F3-9172-45F0-AD20-5651B00A7F45}.Debug-x64|x86.ActiveCfg = Debug-x64|x86
		{3645F8F3-9172-45F0-AD20-5651B00A7F45}.Debug-x64|x86.Build.0 = Debug-x64|x86
		{3645F8F3-9172-45F0-AD20-5651B00A7F45}.Release|Any CPU.ActiveCfg = Release|Any CPU
		{3645F8F3-9172-45F0-AD20-5651B00A7F45}.Release|Any CPU.Build.0 = Release|Any CPU
		{3645F8F3-9172-45F0-AD20-5651B00A7F45}.Release|ARM.ActiveCfg = Release|Any CPU
		{3645F8F3-9172-45F0-AD20-5651B00A7F45}.Release|ARM.Build.0 = Release|Any CPU
		{3645F8F3-9172-45F0-AD20-5651B00A7F45}.Release|x64.ActiveCfg = Release|Any CPU
		{3645F8F3-9172-45F0-AD20-5651B00A7F45}.Release|x86.ActiveCfg = Release|Any CPU
		{3645F8F3-9172-45F0-AD20-5651B00A7F45}.Release-Services-x86|Any CPU.ActiveCfg = Release|Any CPU
		{3645F8F3-9172-45F0-AD20-5651B00A7F45}.Release-Services-x86|Any CPU.Build.0 = Release|Any CPU
		{3645F8F3-9172-45F0-AD20-5651B00A7F45}.Release-Services-x86|ARM.ActiveCfg = Release|Any CPU
		{3645F8F3-9172-45F0-AD20-5651B00A7F45}.Release-Services-x86|ARM.Build.0 = Release|Any CPU
		{3645F8F3-9172-45F0-AD20-5651B00A7F45}.Release-Services-x86|x64.ActiveCfg = Release|Any CPU
		{3645F8F3-9172-45F0-AD20-5651B00A7F45}.Release-Services-x86|x86.ActiveCfg = Release|Any CPU
		{3645F8F3-9172-45F0-AD20-5651B00A7F45}.Release-x86|Any CPU.ActiveCfg = Release|Any CPU
		{3645F8F3-9172-45F0-AD20-5651B00A7F45}.Release-x86|Any CPU.Build.0 = Release|Any CPU
		{3645F8F3-9172-45F0-AD20-5651B00A7F45}.Release-x86|ARM.ActiveCfg = Release|Any CPU
		{3645F8F3-9172-45F0-AD20-5651B00A7F45}.Release-x86|ARM.Build.0 = Release|Any CPU
		{3645F8F3-9172-45F0-AD20-5651B00A7F45}.Release-x86|x64.ActiveCfg = Release|Any CPU
		{3645F8F3-9172-45F0-AD20-5651B00A7F45}.Release-x86|x86.ActiveCfg = Release|Any CPU
		{3645F8F3-9172-45F0-AD20-5651B00A7F45}.test|Any CPU.ActiveCfg = Release|Any CPU
		{3645F8F3-9172-45F0-AD20-5651B00A7F45}.test|Any CPU.Build.0 = Release|Any CPU
		{3645F8F3-9172-45F0-AD20-5651B00A7F45}.test|ARM.ActiveCfg = Release|Any CPU
		{3645F8F3-9172-45F0-AD20-5651B00A7F45}.test|ARM.Build.0 = Release|Any CPU
		{3645F8F3-9172-45F0-AD20-5651B00A7F45}.test|x64.ActiveCfg = Release|Any CPU
		{3645F8F3-9172-45F0-AD20-5651B00A7F45}.test|x86.ActiveCfg = Release|Any CPU
		{00B9C8F7-23C5-47E5-9C20-B6467F19D89C}.Debug|Any CPU.ActiveCfg = Debug|Any CPU
		{00B9C8F7-23C5-47E5-9C20-B6467F19D89C}.Debug|Any CPU.Build.0 = Debug|Any CPU
		{00B9C8F7-23C5-47E5-9C20-B6467F19D89C}.Debug|ARM.ActiveCfg = Debug|Any CPU
		{00B9C8F7-23C5-47E5-9C20-B6467F19D89C}.Debug|ARM.Build.0 = Debug|Any CPU
		{00B9C8F7-23C5-47E5-9C20-B6467F19D89C}.Debug|x64.ActiveCfg = Debug|x64
		{00B9C8F7-23C5-47E5-9C20-B6467F19D89C}.Debug|x64.Build.0 = Debug|x64
		{00B9C8F7-23C5-47E5-9C20-B6467F19D89C}.Debug|x86.ActiveCfg = Debug|x86
		{00B9C8F7-23C5-47E5-9C20-B6467F19D89C}.Debug|x86.Build.0 = Debug|x86
		{00B9C8F7-23C5-47E5-9C20-B6467F19D89C}.Debug-GFA|Any CPU.ActiveCfg = Debug-GFA|Any CPU
		{00B9C8F7-23C5-47E5-9C20-B6467F19D89C}.Debug-GFA|Any CPU.Build.0 = Debug-GFA|Any CPU
		{00B9C8F7-23C5-47E5-9C20-B6467F19D89C}.Debug-GFA|ARM.ActiveCfg = Debug-GFA|Any CPU
		{00B9C8F7-23C5-47E5-9C20-B6467F19D89C}.Debug-GFA|ARM.Build.0 = Debug-GFA|Any CPU
		{00B9C8F7-23C5-47E5-9C20-B6467F19D89C}.Debug-GFA|x64.ActiveCfg = Debug-GFA|x64
		{00B9C8F7-23C5-47E5-9C20-B6467F19D89C}.Debug-GFA|x64.Build.0 = Debug-GFA|x64
		{00B9C8F7-23C5-47E5-9C20-B6467F19D89C}.Debug-GFA|x86.ActiveCfg = Debug-GFA|x86
		{00B9C8F7-23C5-47E5-9C20-B6467F19D89C}.Debug-GFA|x86.Build.0 = Debug-GFA|x86
		{00B9C8F7-23C5-47E5-9C20-B6467F19D89C}.Debug-x64|Any CPU.ActiveCfg = Debug-x64|Any CPU
		{00B9C8F7-23C5-47E5-9C20-B6467F19D89C}.Debug-x64|Any CPU.Build.0 = Debug-x64|Any CPU
		{00B9C8F7-23C5-47E5-9C20-B6467F19D89C}.Debug-x64|ARM.ActiveCfg = Debug-x64|Any CPU
		{00B9C8F7-23C5-47E5-9C20-B6467F19D89C}.Debug-x64|ARM.Build.0 = Debug-x64|Any CPU
		{00B9C8F7-23C5-47E5-9C20-B6467F19D89C}.Debug-x64|x64.ActiveCfg = Debug-x64|x64
		{00B9C8F7-23C5-47E5-9C20-B6467F19D89C}.Debug-x64|x64.Build.0 = Debug-x64|x64
		{00B9C8F7-23C5-47E5-9C20-B6467F19D89C}.Debug-x64|x86.ActiveCfg = Debug-x64|x86
		{00B9C8F7-23C5-47E5-9C20-B6467F19D89C}.Debug-x64|x86.Build.0 = Debug-x64|x86
		{00B9C8F7-23C5-47E5-9C20-B6467F19D89C}.Release|Any CPU.ActiveCfg = Release|Any CPU
		{00B9C8F7-23C5-47E5-9C20-B6467F19D89C}.Release|Any CPU.Build.0 = Release|Any CPU
		{00B9C8F7-23C5-47E5-9C20-B6467F19D89C}.Release|ARM.ActiveCfg = Release|Any CPU
		{00B9C8F7-23C5-47E5-9C20-B6467F19D89C}.Release|ARM.Build.0 = Release|Any CPU
		{00B9C8F7-23C5-47E5-9C20-B6467F19D89C}.Release|x64.ActiveCfg = Release|x64
		{00B9C8F7-23C5-47E5-9C20-B6467F19D89C}.Release|x64.Build.0 = Release|x64
		{00B9C8F7-23C5-47E5-9C20-B6467F19D89C}.Release|x86.ActiveCfg = Release|x86
		{00B9C8F7-23C5-47E5-9C20-B6467F19D89C}.Release|x86.Build.0 = Release|x86
		{00B9C8F7-23C5-47E5-9C20-B6467F19D89C}.Release-Services-x86|Any CPU.ActiveCfg = Release|Any CPU
		{00B9C8F7-23C5-47E5-9C20-B6467F19D89C}.Release-Services-x86|Any CPU.Build.0 = Release|Any CPU
		{00B9C8F7-23C5-47E5-9C20-B6467F19D89C}.Release-Services-x86|ARM.ActiveCfg = Release|Any CPU
		{00B9C8F7-23C5-47E5-9C20-B6467F19D89C}.Release-Services-x86|ARM.Build.0 = Release|Any CPU
		{00B9C8F7-23C5-47E5-9C20-B6467F19D89C}.Release-Services-x86|x64.ActiveCfg = Release|x64
		{00B9C8F7-23C5-47E5-9C20-B6467F19D89C}.Release-Services-x86|x64.Build.0 = Release|x64
		{00B9C8F7-23C5-47E5-9C20-B6467F19D89C}.Release-Services-x86|x86.ActiveCfg = Release|x86
		{00B9C8F7-23C5-47E5-9C20-B6467F19D89C}.Release-Services-x86|x86.Build.0 = Release|x86
		{00B9C8F7-23C5-47E5-9C20-B6467F19D89C}.Release-x86|Any CPU.ActiveCfg = Release|Any CPU
		{00B9C8F7-23C5-47E5-9C20-B6467F19D89C}.Release-x86|Any CPU.Build.0 = Release|Any CPU
		{00B9C8F7-23C5-47E5-9C20-B6467F19D89C}.Release-x86|ARM.ActiveCfg = Release|Any CPU
		{00B9C8F7-23C5-47E5-9C20-B6467F19D89C}.Release-x86|ARM.Build.0 = Release|Any CPU
		{00B9C8F7-23C5-47E5-9C20-B6467F19D89C}.Release-x86|x64.ActiveCfg = Release|x64
		{00B9C8F7-23C5-47E5-9C20-B6467F19D89C}.Release-x86|x64.Build.0 = Release|x64
		{00B9C8F7-23C5-47E5-9C20-B6467F19D89C}.Release-x86|x86.ActiveCfg = Release|x86
		{00B9C8F7-23C5-47E5-9C20-B6467F19D89C}.Release-x86|x86.Build.0 = Release|x86
		{00B9C8F7-23C5-47E5-9C20-B6467F19D89C}.test|Any CPU.ActiveCfg = Release|Any CPU
		{00B9C8F7-23C5-47E5-9C20-B6467F19D89C}.test|Any CPU.Build.0 = Release|Any CPU
		{00B9C8F7-23C5-47E5-9C20-B6467F19D89C}.test|ARM.ActiveCfg = Release|Any CPU
		{00B9C8F7-23C5-47E5-9C20-B6467F19D89C}.test|ARM.Build.0 = Release|Any CPU
		{00B9C8F7-23C5-47E5-9C20-B6467F19D89C}.test|x64.ActiveCfg = Release|x64
		{00B9C8F7-23C5-47E5-9C20-B6467F19D89C}.test|x64.Build.0 = Release|x64
		{00B9C8F7-23C5-47E5-9C20-B6467F19D89C}.test|x86.ActiveCfg = Release|x86
		{00B9C8F7-23C5-47E5-9C20-B6467F19D89C}.test|x86.Build.0 = Release|x86
		{F6A3CB5D-2355-4310-AF47-5FD64E000263}.Debug|Any CPU.ActiveCfg = Debug|Any CPU
		{F6A3CB5D-2355-4310-AF47-5FD64E000263}.Debug|Any CPU.Build.0 = Debug|Any CPU
		{F6A3CB5D-2355-4310-AF47-5FD64E000263}.Debug|ARM.ActiveCfg = Debug|Any CPU
		{F6A3CB5D-2355-4310-AF47-5FD64E000263}.Debug|ARM.Build.0 = Debug|Any CPU
		{F6A3CB5D-2355-4310-AF47-5FD64E000263}.Debug|x64.ActiveCfg = Debug|Any CPU
		{F6A3CB5D-2355-4310-AF47-5FD64E000263}.Debug|x64.Build.0 = Debug|Any CPU
		{F6A3CB5D-2355-4310-AF47-5FD64E000263}.Debug|x86.ActiveCfg = Debug|Any CPU
		{F6A3CB5D-2355-4310-AF47-5FD64E000263}.Debug|x86.Build.0 = Debug|Any CPU
		{F6A3CB5D-2355-4310-AF47-5FD64E000263}.Debug-GFA|Any CPU.ActiveCfg = Debug-GFA|Any CPU
		{F6A3CB5D-2355-4310-AF47-5FD64E000263}.Debug-GFA|Any CPU.Build.0 = Debug-GFA|Any CPU
		{F6A3CB5D-2355-4310-AF47-5FD64E000263}.Debug-GFA|ARM.ActiveCfg = Debug-GFA|Any CPU
		{F6A3CB5D-2355-4310-AF47-5FD64E000263}.Debug-GFA|ARM.Build.0 = Debug-GFA|Any CPU
		{F6A3CB5D-2355-4310-AF47-5FD64E000263}.Debug-GFA|x64.ActiveCfg = Debug-GFA|Any CPU
		{F6A3CB5D-2355-4310-AF47-5FD64E000263}.Debug-GFA|x64.Build.0 = Debug-GFA|Any CPU
		{F6A3CB5D-2355-4310-AF47-5FD64E000263}.Debug-GFA|x86.ActiveCfg = Debug-GFA|Any CPU
		{F6A3CB5D-2355-4310-AF47-5FD64E000263}.Debug-GFA|x86.Build.0 = Debug-GFA|Any CPU
		{F6A3CB5D-2355-4310-AF47-5FD64E000263}.Debug-x64|Any CPU.ActiveCfg = Debug-x64|Any CPU
		{F6A3CB5D-2355-4310-AF47-5FD64E000263}.Debug-x64|Any CPU.Build.0 = Debug-x64|Any CPU
		{F6A3CB5D-2355-4310-AF47-5FD64E000263}.Debug-x64|ARM.ActiveCfg = Debug-x64|Any CPU
		{F6A3CB5D-2355-4310-AF47-5FD64E000263}.Debug-x64|ARM.Build.0 = Debug-x64|Any CPU
		{F6A3CB5D-2355-4310-AF47-5FD64E000263}.Debug-x64|x64.ActiveCfg = Debug-x64|Any CPU
		{F6A3CB5D-2355-4310-AF47-5FD64E000263}.Debug-x64|x64.Build.0 = Debug-x64|Any CPU
		{F6A3CB5D-2355-4310-AF47-5FD64E000263}.Debug-x64|x86.ActiveCfg = Debug-x64|Any CPU
		{F6A3CB5D-2355-4310-AF47-5FD64E000263}.Debug-x64|x86.Build.0 = Debug-x64|Any CPU
		{F6A3CB5D-2355-4310-AF47-5FD64E000263}.Release|Any CPU.ActiveCfg = Release|Any CPU
		{F6A3CB5D-2355-4310-AF47-5FD64E000263}.Release|Any CPU.Build.0 = Release|Any CPU
		{F6A3CB5D-2355-4310-AF47-5FD64E000263}.Release|ARM.ActiveCfg = Release|Any CPU
		{F6A3CB5D-2355-4310-AF47-5FD64E000263}.Release|ARM.Build.0 = Release|Any CPU
		{F6A3CB5D-2355-4310-AF47-5FD64E000263}.Release|x64.ActiveCfg = Release|Any CPU
		{F6A3CB5D-2355-4310-AF47-5FD64E000263}.Release|x64.Build.0 = Release|Any CPU
		{F6A3CB5D-2355-4310-AF47-5FD64E000263}.Release|x86.ActiveCfg = Release|Any CPU
		{F6A3CB5D-2355-4310-AF47-5FD64E000263}.Release|x86.Build.0 = Release|Any CPU
		{F6A3CB5D-2355-4310-AF47-5FD64E000263}.Release-Services-x86|Any CPU.ActiveCfg = Release|Any CPU
		{F6A3CB5D-2355-4310-AF47-5FD64E000263}.Release-Services-x86|Any CPU.Build.0 = Release|Any CPU
		{F6A3CB5D-2355-4310-AF47-5FD64E000263}.Release-Services-x86|ARM.ActiveCfg = Release|Any CPU
		{F6A3CB5D-2355-4310-AF47-5FD64E000263}.Release-Services-x86|ARM.Build.0 = Release|Any CPU
		{F6A3CB5D-2355-4310-AF47-5FD64E000263}.Release-Services-x86|x64.ActiveCfg = Release|Any CPU
		{F6A3CB5D-2355-4310-AF47-5FD64E000263}.Release-Services-x86|x64.Build.0 = Release|Any CPU
		{F6A3CB5D-2355-4310-AF47-5FD64E000263}.Release-Services-x86|x86.ActiveCfg = Release|Any CPU
		{F6A3CB5D-2355-4310-AF47-5FD64E000263}.Release-Services-x86|x86.Build.0 = Release|Any CPU
		{F6A3CB5D-2355-4310-AF47-5FD64E000263}.Release-x86|Any CPU.ActiveCfg = Release|Any CPU
		{F6A3CB5D-2355-4310-AF47-5FD64E000263}.Release-x86|Any CPU.Build.0 = Release|Any CPU
		{F6A3CB5D-2355-4310-AF47-5FD64E000263}.Release-x86|ARM.ActiveCfg = Release|Any CPU
		{F6A3CB5D-2355-4310-AF47-5FD64E000263}.Release-x86|ARM.Build.0 = Release|Any CPU
		{F6A3CB5D-2355-4310-AF47-5FD64E000263}.Release-x86|x64.ActiveCfg = Release|Any CPU
		{F6A3CB5D-2355-4310-AF47-5FD64E000263}.Release-x86|x64.Build.0 = Release|Any CPU
		{F6A3CB5D-2355-4310-AF47-5FD64E000263}.Release-x86|x86.ActiveCfg = Release|Any CPU
		{F6A3CB5D-2355-4310-AF47-5FD64E000263}.Release-x86|x86.Build.0 = Release|Any CPU
		{F6A3CB5D-2355-4310-AF47-5FD64E000263}.test|Any CPU.ActiveCfg = Debug-x64|Any CPU
		{F6A3CB5D-2355-4310-AF47-5FD64E000263}.test|Any CPU.Build.0 = Debug-x64|Any CPU
		{F6A3CB5D-2355-4310-AF47-5FD64E000263}.test|ARM.ActiveCfg = Release|Any CPU
		{F6A3CB5D-2355-4310-AF47-5FD64E000263}.test|ARM.Build.0 = Release|Any CPU
		{F6A3CB5D-2355-4310-AF47-5FD64E000263}.test|x64.ActiveCfg = Debug-x64|Any CPU
		{F6A3CB5D-2355-4310-AF47-5FD64E000263}.test|x64.Build.0 = Debug-x64|Any CPU
		{F6A3CB5D-2355-4310-AF47-5FD64E000263}.test|x86.ActiveCfg = Debug-x64|Any CPU
		{F6A3CB5D-2355-4310-AF47-5FD64E000263}.test|x86.Build.0 = Debug-x64|Any CPU
		{7369E6E2-BE36-4E8A-9609-A9EA42FD590B}.Debug|Any CPU.ActiveCfg = Debug|Any CPU
		{7369E6E2-BE36-4E8A-9609-A9EA42FD590B}.Debug|Any CPU.Build.0 = Debug|Any CPU
		{7369E6E2-BE36-4E8A-9609-A9EA42FD590B}.Debug|ARM.ActiveCfg = Debug|Any CPU
		{7369E6E2-BE36-4E8A-9609-A9EA42FD590B}.Debug|ARM.Build.0 = Debug|Any CPU
		{7369E6E2-BE36-4E8A-9609-A9EA42FD590B}.Debug|x64.ActiveCfg = Debug|Any CPU
		{7369E6E2-BE36-4E8A-9609-A9EA42FD590B}.Debug|x64.Build.0 = Debug|Any CPU
		{7369E6E2-BE36-4E8A-9609-A9EA42FD590B}.Debug|x86.ActiveCfg = Debug|Any CPU
		{7369E6E2-BE36-4E8A-9609-A9EA42FD590B}.Debug|x86.Build.0 = Debug|Any CPU
		{7369E6E2-BE36-4E8A-9609-A9EA42FD590B}.Debug-GFA|Any CPU.ActiveCfg = Debug-GFA|Any CPU
		{7369E6E2-BE36-4E8A-9609-A9EA42FD590B}.Debug-GFA|Any CPU.Build.0 = Debug-GFA|Any CPU
		{7369E6E2-BE36-4E8A-9609-A9EA42FD590B}.Debug-GFA|ARM.ActiveCfg = Debug-GFA|Any CPU
		{7369E6E2-BE36-4E8A-9609-A9EA42FD590B}.Debug-GFA|ARM.Build.0 = Debug-GFA|Any CPU
		{7369E6E2-BE36-4E8A-9609-A9EA42FD590B}.Debug-GFA|x64.ActiveCfg = Debug-GFA|Any CPU
		{7369E6E2-BE36-4E8A-9609-A9EA42FD590B}.Debug-GFA|x64.Build.0 = Debug-GFA|Any CPU
		{7369E6E2-BE36-4E8A-9609-A9EA42FD590B}.Debug-GFA|x86.ActiveCfg = Debug-GFA|Any CPU
		{7369E6E2-BE36-4E8A-9609-A9EA42FD590B}.Debug-GFA|x86.Build.0 = Debug-GFA|Any CPU
		{7369E6E2-BE36-4E8A-9609-A9EA42FD590B}.Debug-x64|Any CPU.ActiveCfg = Debug|Any CPU
		{7369E6E2-BE36-4E8A-9609-A9EA42FD590B}.Debug-x64|Any CPU.Build.0 = Debug|Any CPU
		{7369E6E2-BE36-4E8A-9609-A9EA42FD590B}.Debug-x64|ARM.ActiveCfg = Debug|Any CPU
		{7369E6E2-BE36-4E8A-9609-A9EA42FD590B}.Debug-x64|ARM.Build.0 = Debug|Any CPU
		{7369E6E2-BE36-4E8A-9609-A9EA42FD590B}.Debug-x64|x64.ActiveCfg = Debug|Any CPU
		{7369E6E2-BE36-4E8A-9609-A9EA42FD590B}.Debug-x64|x64.Build.0 = Debug|Any CPU
		{7369E6E2-BE36-4E8A-9609-A9EA42FD590B}.Debug-x64|x86.ActiveCfg = Debug|Any CPU
		{7369E6E2-BE36-4E8A-9609-A9EA42FD590B}.Debug-x64|x86.Build.0 = Debug|Any CPU
		{7369E6E2-BE36-4E8A-9609-A9EA42FD590B}.Release|Any CPU.ActiveCfg = Release|Any CPU
		{7369E6E2-BE36-4E8A-9609-A9EA42FD590B}.Release|Any CPU.Build.0 = Release|Any CPU
		{7369E6E2-BE36-4E8A-9609-A9EA42FD590B}.Release|ARM.ActiveCfg = Release|Any CPU
		{7369E6E2-BE36-4E8A-9609-A9EA42FD590B}.Release|ARM.Build.0 = Release|Any CPU
		{7369E6E2-BE36-4E8A-9609-A9EA42FD590B}.Release|x64.ActiveCfg = Release|Any CPU
		{7369E6E2-BE36-4E8A-9609-A9EA42FD590B}.Release|x64.Build.0 = Release|Any CPU
		{7369E6E2-BE36-4E8A-9609-A9EA42FD590B}.Release|x86.ActiveCfg = Release|Any CPU
		{7369E6E2-BE36-4E8A-9609-A9EA42FD590B}.Release|x86.Build.0 = Release|Any CPU
		{7369E6E2-BE36-4E8A-9609-A9EA42FD590B}.Release-Services-x86|Any CPU.ActiveCfg = Release|Any CPU
		{7369E6E2-BE36-4E8A-9609-A9EA42FD590B}.Release-Services-x86|Any CPU.Build.0 = Release|Any CPU
		{7369E6E2-BE36-4E8A-9609-A9EA42FD590B}.Release-Services-x86|ARM.ActiveCfg = Release|Any CPU
		{7369E6E2-BE36-4E8A-9609-A9EA42FD590B}.Release-Services-x86|ARM.Build.0 = Release|Any CPU
		{7369E6E2-BE36-4E8A-9609-A9EA42FD590B}.Release-Services-x86|x64.ActiveCfg = Release|Any CPU
		{7369E6E2-BE36-4E8A-9609-A9EA42FD590B}.Release-Services-x86|x64.Build.0 = Release|Any CPU
		{7369E6E2-BE36-4E8A-9609-A9EA42FD590B}.Release-Services-x86|x86.ActiveCfg = Release|Any CPU
		{7369E6E2-BE36-4E8A-9609-A9EA42FD590B}.Release-Services-x86|x86.Build.0 = Release|Any CPU
		{7369E6E2-BE36-4E8A-9609-A9EA42FD590B}.Release-x86|Any CPU.ActiveCfg = Release|Any CPU
		{7369E6E2-BE36-4E8A-9609-A9EA42FD590B}.Release-x86|Any CPU.Build.0 = Release|Any CPU
		{7369E6E2-BE36-4E8A-9609-A9EA42FD590B}.Release-x86|ARM.ActiveCfg = Release|Any CPU
		{7369E6E2-BE36-4E8A-9609-A9EA42FD590B}.Release-x86|ARM.Build.0 = Release|Any CPU
		{7369E6E2-BE36-4E8A-9609-A9EA42FD590B}.Release-x86|x64.ActiveCfg = Release|Any CPU
		{7369E6E2-BE36-4E8A-9609-A9EA42FD590B}.Release-x86|x64.Build.0 = Release|Any CPU
		{7369E6E2-BE36-4E8A-9609-A9EA42FD590B}.Release-x86|x86.ActiveCfg = Release|Any CPU
		{7369E6E2-BE36-4E8A-9609-A9EA42FD590B}.Release-x86|x86.Build.0 = Release|Any CPU
		{7369E6E2-BE36-4E8A-9609-A9EA42FD590B}.test|Any CPU.ActiveCfg = Release|Any CPU
		{7369E6E2-BE36-4E8A-9609-A9EA42FD590B}.test|Any CPU.Build.0 = Release|Any CPU
		{7369E6E2-BE36-4E8A-9609-A9EA42FD590B}.test|ARM.ActiveCfg = Release|Any CPU
		{7369E6E2-BE36-4E8A-9609-A9EA42FD590B}.test|ARM.Build.0 = Release|Any CPU
		{7369E6E2-BE36-4E8A-9609-A9EA42FD590B}.test|x64.ActiveCfg = Release|Any CPU
		{7369E6E2-BE36-4E8A-9609-A9EA42FD590B}.test|x64.Build.0 = Release|Any CPU
		{7369E6E2-BE36-4E8A-9609-A9EA42FD590B}.test|x86.ActiveCfg = Release|Any CPU
		{7369E6E2-BE36-4E8A-9609-A9EA42FD590B}.test|x86.Build.0 = Release|Any CPU
		{E7B30B2D-E791-4032-80E2-1B4DB4BE4F02}.Debug|Any CPU.ActiveCfg = Debug|Any CPU
		{E7B30B2D-E791-4032-80E2-1B4DB4BE4F02}.Debug|Any CPU.Build.0 = Debug|Any CPU
		{E7B30B2D-E791-4032-80E2-1B4DB4BE4F02}.Debug|ARM.ActiveCfg = Debug|Any CPU
		{E7B30B2D-E791-4032-80E2-1B4DB4BE4F02}.Debug|ARM.Build.0 = Debug|Any CPU
		{E7B30B2D-E791-4032-80E2-1B4DB4BE4F02}.Debug|x64.ActiveCfg = Debug|Any CPU
		{E7B30B2D-E791-4032-80E2-1B4DB4BE4F02}.Debug|x64.Build.0 = Debug|Any CPU
		{E7B30B2D-E791-4032-80E2-1B4DB4BE4F02}.Debug|x86.ActiveCfg = Debug|Any CPU
		{E7B30B2D-E791-4032-80E2-1B4DB4BE4F02}.Debug|x86.Build.0 = Debug|Any CPU
		{E7B30B2D-E791-4032-80E2-1B4DB4BE4F02}.Debug-GFA|Any CPU.ActiveCfg = Debug-GFA|Any CPU
		{E7B30B2D-E791-4032-80E2-1B4DB4BE4F02}.Debug-GFA|Any CPU.Build.0 = Debug-GFA|Any CPU
		{E7B30B2D-E791-4032-80E2-1B4DB4BE4F02}.Debug-GFA|ARM.ActiveCfg = Debug-GFA|Any CPU
		{E7B30B2D-E791-4032-80E2-1B4DB4BE4F02}.Debug-GFA|ARM.Build.0 = Debug-GFA|Any CPU
		{E7B30B2D-E791-4032-80E2-1B4DB4BE4F02}.Debug-GFA|x64.ActiveCfg = Debug-GFA|Any CPU
		{E7B30B2D-E791-4032-80E2-1B4DB4BE4F02}.Debug-GFA|x64.Build.0 = Debug-GFA|Any CPU
		{E7B30B2D-E791-4032-80E2-1B4DB4BE4F02}.Debug-GFA|x86.ActiveCfg = Debug-GFA|Any CPU
		{E7B30B2D-E791-4032-80E2-1B4DB4BE4F02}.Debug-GFA|x86.Build.0 = Debug-GFA|Any CPU
		{E7B30B2D-E791-4032-80E2-1B4DB4BE4F02}.Debug-x64|Any CPU.ActiveCfg = Debug|Any CPU
		{E7B30B2D-E791-4032-80E2-1B4DB4BE4F02}.Debug-x64|Any CPU.Build.0 = Debug|Any CPU
		{E7B30B2D-E791-4032-80E2-1B4DB4BE4F02}.Debug-x64|ARM.ActiveCfg = Debug|Any CPU
		{E7B30B2D-E791-4032-80E2-1B4DB4BE4F02}.Debug-x64|ARM.Build.0 = Debug|Any CPU
		{E7B30B2D-E791-4032-80E2-1B4DB4BE4F02}.Debug-x64|x64.ActiveCfg = Debug|Any CPU
		{E7B30B2D-E791-4032-80E2-1B4DB4BE4F02}.Debug-x64|x64.Build.0 = Debug|Any CPU
		{E7B30B2D-E791-4032-80E2-1B4DB4BE4F02}.Debug-x64|x86.ActiveCfg = Debug|Any CPU
		{E7B30B2D-E791-4032-80E2-1B4DB4BE4F02}.Debug-x64|x86.Build.0 = Debug|Any CPU
		{E7B30B2D-E791-4032-80E2-1B4DB4BE4F02}.Release|Any CPU.ActiveCfg = Release|Any CPU
		{E7B30B2D-E791-4032-80E2-1B4DB4BE4F02}.Release|Any CPU.Build.0 = Release|Any CPU
		{E7B30B2D-E791-4032-80E2-1B4DB4BE4F02}.Release|ARM.ActiveCfg = Release|Any CPU
		{E7B30B2D-E791-4032-80E2-1B4DB4BE4F02}.Release|ARM.Build.0 = Release|Any CPU
		{E7B30B2D-E791-4032-80E2-1B4DB4BE4F02}.Release|x64.ActiveCfg = Release|Any CPU
		{E7B30B2D-E791-4032-80E2-1B4DB4BE4F02}.Release|x64.Build.0 = Release|Any CPU
		{E7B30B2D-E791-4032-80E2-1B4DB4BE4F02}.Release|x86.ActiveCfg = Release|Any CPU
		{E7B30B2D-E791-4032-80E2-1B4DB4BE4F02}.Release|x86.Build.0 = Release|Any CPU
		{E7B30B2D-E791-4032-80E2-1B4DB4BE4F02}.Release-Services-x86|Any CPU.ActiveCfg = Release|Any CPU
		{E7B30B2D-E791-4032-80E2-1B4DB4BE4F02}.Release-Services-x86|Any CPU.Build.0 = Release|Any CPU
		{E7B30B2D-E791-4032-80E2-1B4DB4BE4F02}.Release-Services-x86|ARM.ActiveCfg = Release|Any CPU
		{E7B30B2D-E791-4032-80E2-1B4DB4BE4F02}.Release-Services-x86|ARM.Build.0 = Release|Any CPU
		{E7B30B2D-E791-4032-80E2-1B4DB4BE4F02}.Release-Services-x86|x64.ActiveCfg = Release|Any CPU
		{E7B30B2D-E791-4032-80E2-1B4DB4BE4F02}.Release-Services-x86|x64.Build.0 = Release|Any CPU
		{E7B30B2D-E791-4032-80E2-1B4DB4BE4F02}.Release-Services-x86|x86.ActiveCfg = Release|Any CPU
		{E7B30B2D-E791-4032-80E2-1B4DB4BE4F02}.Release-Services-x86|x86.Build.0 = Release|Any CPU
		{E7B30B2D-E791-4032-80E2-1B4DB4BE4F02}.Release-x86|Any CPU.ActiveCfg = Release|Any CPU
		{E7B30B2D-E791-4032-80E2-1B4DB4BE4F02}.Release-x86|Any CPU.Build.0 = Release|Any CPU
		{E7B30B2D-E791-4032-80E2-1B4DB4BE4F02}.Release-x86|ARM.ActiveCfg = Release|Any CPU
		{E7B30B2D-E791-4032-80E2-1B4DB4BE4F02}.Release-x86|ARM.Build.0 = Release|Any CPU
		{E7B30B2D-E791-4032-80E2-1B4DB4BE4F02}.Release-x86|x64.ActiveCfg = Release|Any CPU
		{E7B30B2D-E791-4032-80E2-1B4DB4BE4F02}.Release-x86|x64.Build.0 = Release|Any CPU
		{E7B30B2D-E791-4032-80E2-1B4DB4BE4F02}.Release-x86|x86.ActiveCfg = Release|Any CPU
		{E7B30B2D-E791-4032-80E2-1B4DB4BE4F02}.Release-x86|x86.Build.0 = Release|Any CPU
		{E7B30B2D-E791-4032-80E2-1B4DB4BE4F02}.test|Any CPU.ActiveCfg = Release|Any CPU
		{E7B30B2D-E791-4032-80E2-1B4DB4BE4F02}.test|Any CPU.Build.0 = Release|Any CPU
		{E7B30B2D-E791-4032-80E2-1B4DB4BE4F02}.test|ARM.ActiveCfg = Release|Any CPU
		{E7B30B2D-E791-4032-80E2-1B4DB4BE4F02}.test|ARM.Build.0 = Release|Any CPU
		{E7B30B2D-E791-4032-80E2-1B4DB4BE4F02}.test|x64.ActiveCfg = Release|Any CPU
		{E7B30B2D-E791-4032-80E2-1B4DB4BE4F02}.test|x64.Build.0 = Release|Any CPU
		{E7B30B2D-E791-4032-80E2-1B4DB4BE4F02}.test|x86.ActiveCfg = Release|Any CPU
		{E7B30B2D-E791-4032-80E2-1B4DB4BE4F02}.test|x86.Build.0 = Release|Any CPU
		{E3F40C64-0ABD-4560-9C8F-F9761AE7097E}.Debug|Any CPU.ActiveCfg = Debug|Any CPU
		{E3F40C64-0ABD-4560-9C8F-F9761AE7097E}.Debug|Any CPU.Build.0 = Debug|Any CPU
		{E3F40C64-0ABD-4560-9C8F-F9761AE7097E}.Debug|ARM.ActiveCfg = Debug|Any CPU
		{E3F40C64-0ABD-4560-9C8F-F9761AE7097E}.Debug|ARM.Build.0 = Debug|Any CPU
		{E3F40C64-0ABD-4560-9C8F-F9761AE7097E}.Debug|x64.ActiveCfg = Debug|x64
		{E3F40C64-0ABD-4560-9C8F-F9761AE7097E}.Debug|x64.Build.0 = Debug|x64
		{E3F40C64-0ABD-4560-9C8F-F9761AE7097E}.Debug|x86.ActiveCfg = Debug|x86
		{E3F40C64-0ABD-4560-9C8F-F9761AE7097E}.Debug|x86.Build.0 = Debug|x86
		{E3F40C64-0ABD-4560-9C8F-F9761AE7097E}.Debug-GFA|Any CPU.ActiveCfg = Debug-GFA|Any CPU
		{E3F40C64-0ABD-4560-9C8F-F9761AE7097E}.Debug-GFA|Any CPU.Build.0 = Debug-GFA|Any CPU
		{E3F40C64-0ABD-4560-9C8F-F9761AE7097E}.Debug-GFA|ARM.ActiveCfg = Debug-GFA|Any CPU
		{E3F40C64-0ABD-4560-9C8F-F9761AE7097E}.Debug-GFA|ARM.Build.0 = Debug-GFA|Any CPU
		{E3F40C64-0ABD-4560-9C8F-F9761AE7097E}.Debug-GFA|x64.ActiveCfg = Debug-GFA|x64
		{E3F40C64-0ABD-4560-9C8F-F9761AE7097E}.Debug-GFA|x64.Build.0 = Debug-GFA|x64
		{E3F40C64-0ABD-4560-9C8F-F9761AE7097E}.Debug-GFA|x86.ActiveCfg = Debug-GFA|x86
		{E3F40C64-0ABD-4560-9C8F-F9761AE7097E}.Debug-GFA|x86.Build.0 = Debug-GFA|x86
		{E3F40C64-0ABD-4560-9C8F-F9761AE7097E}.Debug-x64|Any CPU.ActiveCfg = Debug-x64|Any CPU
		{E3F40C64-0ABD-4560-9C8F-F9761AE7097E}.Debug-x64|Any CPU.Build.0 = Debug-x64|Any CPU
		{E3F40C64-0ABD-4560-9C8F-F9761AE7097E}.Debug-x64|ARM.ActiveCfg = Debug-x64|Any CPU
		{E3F40C64-0ABD-4560-9C8F-F9761AE7097E}.Debug-x64|ARM.Build.0 = Debug-x64|Any CPU
		{E3F40C64-0ABD-4560-9C8F-F9761AE7097E}.Debug-x64|x64.ActiveCfg = Debug-x64|x64
		{E3F40C64-0ABD-4560-9C8F-F9761AE7097E}.Debug-x64|x64.Build.0 = Debug-x64|x64
		{E3F40C64-0ABD-4560-9C8F-F9761AE7097E}.Debug-x64|x86.ActiveCfg = Debug-x64|x86
		{E3F40C64-0ABD-4560-9C8F-F9761AE7097E}.Debug-x64|x86.Build.0 = Debug-x64|x86
		{E3F40C64-0ABD-4560-9C8F-F9761AE7097E}.Release|Any CPU.ActiveCfg = Release|Any CPU
		{E3F40C64-0ABD-4560-9C8F-F9761AE7097E}.Release|Any CPU.Build.0 = Release|Any CPU
		{E3F40C64-0ABD-4560-9C8F-F9761AE7097E}.Release|ARM.ActiveCfg = Release|Any CPU
		{E3F40C64-0ABD-4560-9C8F-F9761AE7097E}.Release|ARM.Build.0 = Release|Any CPU
		{E3F40C64-0ABD-4560-9C8F-F9761AE7097E}.Release|x64.ActiveCfg = Release|x64
		{E3F40C64-0ABD-4560-9C8F-F9761AE7097E}.Release|x64.Build.0 = Release|x64
		{E3F40C64-0ABD-4560-9C8F-F9761AE7097E}.Release|x86.ActiveCfg = Release|x86
		{E3F40C64-0ABD-4560-9C8F-F9761AE7097E}.Release|x86.Build.0 = Release|x86
		{E3F40C64-0ABD-4560-9C8F-F9761AE7097E}.Release-Services-x86|Any CPU.ActiveCfg = Release|Any CPU
		{E3F40C64-0ABD-4560-9C8F-F9761AE7097E}.Release-Services-x86|Any CPU.Build.0 = Release|Any CPU
		{E3F40C64-0ABD-4560-9C8F-F9761AE7097E}.Release-Services-x86|ARM.ActiveCfg = Release|Any CPU
		{E3F40C64-0ABD-4560-9C8F-F9761AE7097E}.Release-Services-x86|ARM.Build.0 = Release|Any CPU
		{E3F40C64-0ABD-4560-9C8F-F9761AE7097E}.Release-Services-x86|x64.ActiveCfg = Release|x64
		{E3F40C64-0ABD-4560-9C8F-F9761AE7097E}.Release-Services-x86|x64.Build.0 = Release|x64
		{E3F40C64-0ABD-4560-9C8F-F9761AE7097E}.Release-Services-x86|x86.ActiveCfg = Release|x86
		{E3F40C64-0ABD-4560-9C8F-F9761AE7097E}.Release-Services-x86|x86.Build.0 = Release|x86
		{E3F40C64-0ABD-4560-9C8F-F9761AE7097E}.Release-x86|Any CPU.ActiveCfg = Release|Any CPU
		{E3F40C64-0ABD-4560-9C8F-F9761AE7097E}.Release-x86|Any CPU.Build.0 = Release|Any CPU
		{E3F40C64-0ABD-4560-9C8F-F9761AE7097E}.Release-x86|ARM.ActiveCfg = Release|Any CPU
		{E3F40C64-0ABD-4560-9C8F-F9761AE7097E}.Release-x86|ARM.Build.0 = Release|Any CPU
		{E3F40C64-0ABD-4560-9C8F-F9761AE7097E}.Release-x86|x64.ActiveCfg = Release|x64
		{E3F40C64-0ABD-4560-9C8F-F9761AE7097E}.Release-x86|x64.Build.0 = Release|x64
		{E3F40C64-0ABD-4560-9C8F-F9761AE7097E}.Release-x86|x86.ActiveCfg = Release|x86
		{E3F40C64-0ABD-4560-9C8F-F9761AE7097E}.Release-x86|x86.Build.0 = Release|x86
		{E3F40C64-0ABD-4560-9C8F-F9761AE7097E}.test|Any CPU.ActiveCfg = Debug-GFA|Any CPU
		{E3F40C64-0ABD-4560-9C8F-F9761AE7097E}.test|Any CPU.Build.0 = Debug-GFA|Any CPU
		{E3F40C64-0ABD-4560-9C8F-F9761AE7097E}.test|ARM.ActiveCfg = Debug-GFA|Any CPU
		{E3F40C64-0ABD-4560-9C8F-F9761AE7097E}.test|ARM.Build.0 = Debug-GFA|Any CPU
		{E3F40C64-0ABD-4560-9C8F-F9761AE7097E}.test|x64.ActiveCfg = Debug-GFA|x64
		{E3F40C64-0ABD-4560-9C8F-F9761AE7097E}.test|x64.Build.0 = Debug-GFA|x64
		{E3F40C64-0ABD-4560-9C8F-F9761AE7097E}.test|x86.ActiveCfg = Debug-GFA|x86
		{E3F40C64-0ABD-4560-9C8F-F9761AE7097E}.test|x86.Build.0 = Debug-GFA|x86
		{CC1F07B0-D025-4CD2-A45F-524CFFADF671}.Debug|Any CPU.ActiveCfg = Debug|Any CPU
		{CC1F07B0-D025-4CD2-A45F-524CFFADF671}.Debug|Any CPU.Build.0 = Debug|Any CPU
		{CC1F07B0-D025-4CD2-A45F-524CFFADF671}.Debug|ARM.ActiveCfg = Debug|Any CPU
		{CC1F07B0-D025-4CD2-A45F-524CFFADF671}.Debug|ARM.Build.0 = Debug|Any CPU
		{CC1F07B0-D025-4CD2-A45F-524CFFADF671}.Debug|x64.ActiveCfg = Debug|x64
		{CC1F07B0-D025-4CD2-A45F-524CFFADF671}.Debug|x64.Build.0 = Debug|x64
		{CC1F07B0-D025-4CD2-A45F-524CFFADF671}.Debug|x86.ActiveCfg = Debug|x86
		{CC1F07B0-D025-4CD2-A45F-524CFFADF671}.Debug|x86.Build.0 = Debug|x86
		{CC1F07B0-D025-4CD2-A45F-524CFFADF671}.Debug-GFA|Any CPU.ActiveCfg = Debug-GFA|Any CPU
		{CC1F07B0-D025-4CD2-A45F-524CFFADF671}.Debug-GFA|Any CPU.Build.0 = Debug-GFA|Any CPU
		{CC1F07B0-D025-4CD2-A45F-524CFFADF671}.Debug-GFA|ARM.ActiveCfg = Debug-GFA|Any CPU
		{CC1F07B0-D025-4CD2-A45F-524CFFADF671}.Debug-GFA|ARM.Build.0 = Debug-GFA|Any CPU
		{CC1F07B0-D025-4CD2-A45F-524CFFADF671}.Debug-GFA|x64.ActiveCfg = Debug-GFA|x64
		{CC1F07B0-D025-4CD2-A45F-524CFFADF671}.Debug-GFA|x64.Build.0 = Debug-GFA|x64
		{CC1F07B0-D025-4CD2-A45F-524CFFADF671}.Debug-GFA|x86.ActiveCfg = Debug-GFA|x86
		{CC1F07B0-D025-4CD2-A45F-524CFFADF671}.Debug-GFA|x86.Build.0 = Debug-GFA|x86
		{CC1F07B0-D025-4CD2-A45F-524CFFADF671}.Debug-x64|Any CPU.ActiveCfg = Debug-GFA|Any CPU
		{CC1F07B0-D025-4CD2-A45F-524CFFADF671}.Debug-x64|Any CPU.Build.0 = Debug-GFA|Any CPU
		{CC1F07B0-D025-4CD2-A45F-524CFFADF671}.Debug-x64|ARM.ActiveCfg = Debug-GFA|Any CPU
		{CC1F07B0-D025-4CD2-A45F-524CFFADF671}.Debug-x64|ARM.Build.0 = Debug-GFA|Any CPU
		{CC1F07B0-D025-4CD2-A45F-524CFFADF671}.Debug-x64|x64.ActiveCfg = Debug-GFA|x64
		{CC1F07B0-D025-4CD2-A45F-524CFFADF671}.Debug-x64|x64.Build.0 = Debug-GFA|x64
		{CC1F07B0-D025-4CD2-A45F-524CFFADF671}.Debug-x64|x86.ActiveCfg = Debug-GFA|x86
		{CC1F07B0-D025-4CD2-A45F-524CFFADF671}.Debug-x64|x86.Build.0 = Debug-GFA|x86
		{CC1F07B0-D025-4CD2-A45F-524CFFADF671}.Release|Any CPU.ActiveCfg = Release|Any CPU
		{CC1F07B0-D025-4CD2-A45F-524CFFADF671}.Release|Any CPU.Build.0 = Release|Any CPU
		{CC1F07B0-D025-4CD2-A45F-524CFFADF671}.Release|ARM.ActiveCfg = Release|Any CPU
		{CC1F07B0-D025-4CD2-A45F-524CFFADF671}.Release|ARM.Build.0 = Release|Any CPU
		{CC1F07B0-D025-4CD2-A45F-524CFFADF671}.Release|x64.ActiveCfg = Release|x64
		{CC1F07B0-D025-4CD2-A45F-524CFFADF671}.Release|x64.Build.0 = Release|x64
		{CC1F07B0-D025-4CD2-A45F-524CFFADF671}.Release|x86.ActiveCfg = Release|x86
		{CC1F07B0-D025-4CD2-A45F-524CFFADF671}.Release|x86.Build.0 = Release|x86
		{CC1F07B0-D025-4CD2-A45F-524CFFADF671}.Release-Services-x86|Any CPU.ActiveCfg = Release-Services-x86|Any CPU
		{CC1F07B0-D025-4CD2-A45F-524CFFADF671}.Release-Services-x86|Any CPU.Build.0 = Release-Services-x86|Any CPU
		{CC1F07B0-D025-4CD2-A45F-524CFFADF671}.Release-Services-x86|ARM.ActiveCfg = Release-Services-x86|Any CPU
		{CC1F07B0-D025-4CD2-A45F-524CFFADF671}.Release-Services-x86|ARM.Build.0 = Release-Services-x86|Any CPU
		{CC1F07B0-D025-4CD2-A45F-524CFFADF671}.Release-Services-x86|x64.ActiveCfg = Release-Services-x86|x64
		{CC1F07B0-D025-4CD2-A45F-524CFFADF671}.Release-Services-x86|x64.Build.0 = Release-Services-x86|x64
		{CC1F07B0-D025-4CD2-A45F-524CFFADF671}.Release-Services-x86|x86.ActiveCfg = Release-Services-x86|x86
		{CC1F07B0-D025-4CD2-A45F-524CFFADF671}.Release-Services-x86|x86.Build.0 = Release-Services-x86|x86
		{CC1F07B0-D025-4CD2-A45F-524CFFADF671}.Release-x86|Any CPU.ActiveCfg = Release-x86|Any CPU
		{CC1F07B0-D025-4CD2-A45F-524CFFADF671}.Release-x86|Any CPU.Build.0 = Release-x86|Any CPU
		{CC1F07B0-D025-4CD2-A45F-524CFFADF671}.Release-x86|ARM.ActiveCfg = Release-x86|Any CPU
		{CC1F07B0-D025-4CD2-A45F-524CFFADF671}.Release-x86|ARM.Build.0 = Release-x86|Any CPU
		{CC1F07B0-D025-4CD2-A45F-524CFFADF671}.Release-x86|x64.ActiveCfg = Release-x86|x64
		{CC1F07B0-D025-4CD2-A45F-524CFFADF671}.Release-x86|x64.Build.0 = Release-x86|x64
		{CC1F07B0-D025-4CD2-A45F-524CFFADF671}.Release-x86|x86.ActiveCfg = Release-x86|x86
		{CC1F07B0-D025-4CD2-A45F-524CFFADF671}.Release-x86|x86.Build.0 = Release-x86|x86
		{CC1F07B0-D025-4CD2-A45F-524CFFADF671}.test|Any CPU.ActiveCfg = test|Any CPU
		{CC1F07B0-D025-4CD2-A45F-524CFFADF671}.test|Any CPU.Build.0 = test|Any CPU
		{CC1F07B0-D025-4CD2-A45F-524CFFADF671}.test|ARM.ActiveCfg = test|Any CPU
		{CC1F07B0-D025-4CD2-A45F-524CFFADF671}.test|ARM.Build.0 = test|Any CPU
		{CC1F07B0-D025-4CD2-A45F-524CFFADF671}.test|x64.ActiveCfg = test|x64
		{CC1F07B0-D025-4CD2-A45F-524CFFADF671}.test|x64.Build.0 = test|x64
		{CC1F07B0-D025-4CD2-A45F-524CFFADF671}.test|x86.ActiveCfg = test|x86
		{CC1F07B0-D025-4CD2-A45F-524CFFADF671}.test|x86.Build.0 = test|x86
		{F0D997B9-B87C-4AE6-BF1A-A4E9738858B4}.Debug|Any CPU.ActiveCfg = Debug|Any CPU
		{F0D997B9-B87C-4AE6-BF1A-A4E9738858B4}.Debug|Any CPU.Build.0 = Debug|Any CPU
		{F0D997B9-B87C-4AE6-BF1A-A4E9738858B4}.Debug|ARM.ActiveCfg = Debug|Any CPU
		{F0D997B9-B87C-4AE6-BF1A-A4E9738858B4}.Debug|ARM.Build.0 = Debug|Any CPU
		{F0D997B9-B87C-4AE6-BF1A-A4E9738858B4}.Debug|x64.ActiveCfg = Debug|x64
		{F0D997B9-B87C-4AE6-BF1A-A4E9738858B4}.Debug|x64.Build.0 = Debug|x64
		{F0D997B9-B87C-4AE6-BF1A-A4E9738858B4}.Debug|x86.ActiveCfg = Debug|x86
		{F0D997B9-B87C-4AE6-BF1A-A4E9738858B4}.Debug|x86.Build.0 = Debug|x86
		{F0D997B9-B87C-4AE6-BF1A-A4E9738858B4}.Debug-GFA|Any CPU.ActiveCfg = Debug-GFA|Any CPU
		{F0D997B9-B87C-4AE6-BF1A-A4E9738858B4}.Debug-GFA|Any CPU.Build.0 = Debug-GFA|Any CPU
		{F0D997B9-B87C-4AE6-BF1A-A4E9738858B4}.Debug-GFA|ARM.ActiveCfg = Debug-GFA|Any CPU
		{F0D997B9-B87C-4AE6-BF1A-A4E9738858B4}.Debug-GFA|ARM.Build.0 = Debug-GFA|Any CPU
		{F0D997B9-B87C-4AE6-BF1A-A4E9738858B4}.Debug-GFA|x64.ActiveCfg = Debug-GFA|x64
		{F0D997B9-B87C-4AE6-BF1A-A4E9738858B4}.Debug-GFA|x64.Build.0 = Debug-GFA|x64
		{F0D997B9-B87C-4AE6-BF1A-A4E9738858B4}.Debug-GFA|x86.ActiveCfg = Debug-GFA|x86
		{F0D997B9-B87C-4AE6-BF1A-A4E9738858B4}.Debug-GFA|x86.Build.0 = Debug-GFA|x86
		{F0D997B9-B87C-4AE6-BF1A-A4E9738858B4}.Debug-x64|Any CPU.ActiveCfg = Debug-GFA|Any CPU
		{F0D997B9-B87C-4AE6-BF1A-A4E9738858B4}.Debug-x64|Any CPU.Build.0 = Debug-GFA|Any CPU
		{F0D997B9-B87C-4AE6-BF1A-A4E9738858B4}.Debug-x64|ARM.ActiveCfg = Debug-GFA|Any CPU
		{F0D997B9-B87C-4AE6-BF1A-A4E9738858B4}.Debug-x64|ARM.Build.0 = Debug-GFA|Any CPU
		{F0D997B9-B87C-4AE6-BF1A-A4E9738858B4}.Debug-x64|x64.ActiveCfg = Debug-GFA|x64
		{F0D997B9-B87C-4AE6-BF1A-A4E9738858B4}.Debug-x64|x64.Build.0 = Debug-GFA|x64
		{F0D997B9-B87C-4AE6-BF1A-A4E9738858B4}.Debug-x64|x86.ActiveCfg = Debug-GFA|x86
		{F0D997B9-B87C-4AE6-BF1A-A4E9738858B4}.Debug-x64|x86.Build.0 = Debug-GFA|x86
		{F0D997B9-B87C-4AE6-BF1A-A4E9738858B4}.Release|Any CPU.ActiveCfg = Release|Any CPU
		{F0D997B9-B87C-4AE6-BF1A-A4E9738858B4}.Release|Any CPU.Build.0 = Release|Any CPU
		{F0D997B9-B87C-4AE6-BF1A-A4E9738858B4}.Release|ARM.ActiveCfg = Release|Any CPU
		{F0D997B9-B87C-4AE6-BF1A-A4E9738858B4}.Release|ARM.Build.0 = Release|Any CPU
		{F0D997B9-B87C-4AE6-BF1A-A4E9738858B4}.Release|x64.ActiveCfg = Release|x64
		{F0D997B9-B87C-4AE6-BF1A-A4E9738858B4}.Release|x64.Build.0 = Release|x64
		{F0D997B9-B87C-4AE6-BF1A-A4E9738858B4}.Release|x86.ActiveCfg = Release|x86
		{F0D997B9-B87C-4AE6-BF1A-A4E9738858B4}.Release|x86.Build.0 = Release|x86
		{F0D997B9-B87C-4AE6-BF1A-A4E9738858B4}.Release-Services-x86|Any CPU.ActiveCfg = Release|Any CPU
		{F0D997B9-B87C-4AE6-BF1A-A4E9738858B4}.Release-Services-x86|Any CPU.Build.0 = Release|Any CPU
		{F0D997B9-B87C-4AE6-BF1A-A4E9738858B4}.Release-Services-x86|ARM.ActiveCfg = Release|Any CPU
		{F0D997B9-B87C-4AE6-BF1A-A4E9738858B4}.Release-Services-x86|ARM.Build.0 = Release|Any CPU
		{F0D997B9-B87C-4AE6-BF1A-A4E9738858B4}.Release-Services-x86|x64.ActiveCfg = Release|x64
		{F0D997B9-B87C-4AE6-BF1A-A4E9738858B4}.Release-Services-x86|x64.Build.0 = Release|x64
		{F0D997B9-B87C-4AE6-BF1A-A4E9738858B4}.Release-Services-x86|x86.ActiveCfg = Release|x86
		{F0D997B9-B87C-4AE6-BF1A-A4E9738858B4}.Release-Services-x86|x86.Build.0 = Release|x86
		{F0D997B9-B87C-4AE6-BF1A-A4E9738858B4}.Release-x86|Any CPU.ActiveCfg = Release|Any CPU
		{F0D997B9-B87C-4AE6-BF1A-A4E9738858B4}.Release-x86|Any CPU.Build.0 = Release|Any CPU
		{F0D997B9-B87C-4AE6-BF1A-A4E9738858B4}.Release-x86|ARM.ActiveCfg = Release|Any CPU
		{F0D997B9-B87C-4AE6-BF1A-A4E9738858B4}.Release-x86|ARM.Build.0 = Release|Any CPU
		{F0D997B9-B87C-4AE6-BF1A-A4E9738858B4}.Release-x86|x64.ActiveCfg = Release|x64
		{F0D997B9-B87C-4AE6-BF1A-A4E9738858B4}.Release-x86|x64.Build.0 = Release|x64
		{F0D997B9-B87C-4AE6-BF1A-A4E9738858B4}.Release-x86|x86.ActiveCfg = Release|x86
		{F0D997B9-B87C-4AE6-BF1A-A4E9738858B4}.Release-x86|x86.Build.0 = Release|x86
		{F0D997B9-B87C-4AE6-BF1A-A4E9738858B4}.test|Any CPU.ActiveCfg = Debug-GFA|Any CPU
		{F0D997B9-B87C-4AE6-BF1A-A4E9738858B4}.test|Any CPU.Build.0 = Debug-GFA|Any CPU
		{F0D997B9-B87C-4AE6-BF1A-A4E9738858B4}.test|ARM.ActiveCfg = Debug-GFA|Any CPU
		{F0D997B9-B87C-4AE6-BF1A-A4E9738858B4}.test|ARM.Build.0 = Debug-GFA|Any CPU
		{F0D997B9-B87C-4AE6-BF1A-A4E9738858B4}.test|x64.ActiveCfg = Debug-GFA|x64
		{F0D997B9-B87C-4AE6-BF1A-A4E9738858B4}.test|x64.Build.0 = Debug-GFA|x64
		{F0D997B9-B87C-4AE6-BF1A-A4E9738858B4}.test|x86.ActiveCfg = Debug-GFA|x86
		{F0D997B9-B87C-4AE6-BF1A-A4E9738858B4}.test|x86.Build.0 = Debug-GFA|x86
		{DAA7D375-CD1A-4BA0-BAC1-01C2A3D62FAA}.Debug|Any CPU.ActiveCfg = Debug|Any CPU
		{DAA7D375-CD1A-4BA0-BAC1-01C2A3D62FAA}.Debug|Any CPU.Build.0 = Debug|Any CPU
		{DAA7D375-CD1A-4BA0-BAC1-01C2A3D62FAA}.Debug|ARM.ActiveCfg = Debug|Any CPU
		{DAA7D375-CD1A-4BA0-BAC1-01C2A3D62FAA}.Debug|ARM.Build.0 = Debug|Any CPU
		{DAA7D375-CD1A-4BA0-BAC1-01C2A3D62FAA}.Debug|x64.ActiveCfg = Debug|x64
		{DAA7D375-CD1A-4BA0-BAC1-01C2A3D62FAA}.Debug|x64.Build.0 = Debug|x64
		{DAA7D375-CD1A-4BA0-BAC1-01C2A3D62FAA}.Debug|x86.ActiveCfg = Debug|x86
		{DAA7D375-CD1A-4BA0-BAC1-01C2A3D62FAA}.Debug|x86.Build.0 = Debug|x86
		{DAA7D375-CD1A-4BA0-BAC1-01C2A3D62FAA}.Debug-GFA|Any CPU.ActiveCfg = Debug-GFA|Any CPU
		{DAA7D375-CD1A-4BA0-BAC1-01C2A3D62FAA}.Debug-GFA|Any CPU.Build.0 = Debug-GFA|Any CPU
		{DAA7D375-CD1A-4BA0-BAC1-01C2A3D62FAA}.Debug-GFA|ARM.ActiveCfg = Debug-GFA|Any CPU
		{DAA7D375-CD1A-4BA0-BAC1-01C2A3D62FAA}.Debug-GFA|ARM.Build.0 = Debug-GFA|Any CPU
		{DAA7D375-CD1A-4BA0-BAC1-01C2A3D62FAA}.Debug-GFA|x64.ActiveCfg = Debug-GFA|x64
		{DAA7D375-CD1A-4BA0-BAC1-01C2A3D62FAA}.Debug-GFA|x64.Build.0 = Debug-GFA|x64
		{DAA7D375-CD1A-4BA0-BAC1-01C2A3D62FAA}.Debug-GFA|x86.ActiveCfg = Debug-GFA|x86
		{DAA7D375-CD1A-4BA0-BAC1-01C2A3D62FAA}.Debug-GFA|x86.Build.0 = Debug-GFA|x86
		{DAA7D375-CD1A-4BA0-BAC1-01C2A3D62FAA}.Debug-x64|Any CPU.ActiveCfg = Debug-x64|Any CPU
		{DAA7D375-CD1A-4BA0-BAC1-01C2A3D62FAA}.Debug-x64|Any CPU.Build.0 = Debug-x64|Any CPU
		{DAA7D375-CD1A-4BA0-BAC1-01C2A3D62FAA}.Debug-x64|ARM.ActiveCfg = Debug-x64|Any CPU
		{DAA7D375-CD1A-4BA0-BAC1-01C2A3D62FAA}.Debug-x64|ARM.Build.0 = Debug-x64|Any CPU
		{DAA7D375-CD1A-4BA0-BAC1-01C2A3D62FAA}.Debug-x64|x64.ActiveCfg = Debug-x64|x64
		{DAA7D375-CD1A-4BA0-BAC1-01C2A3D62FAA}.Debug-x64|x64.Build.0 = Debug-x64|x64
		{DAA7D375-CD1A-4BA0-BAC1-01C2A3D62FAA}.Debug-x64|x86.ActiveCfg = Debug-x64|x86
		{DAA7D375-CD1A-4BA0-BAC1-01C2A3D62FAA}.Debug-x64|x86.Build.0 = Debug-x64|x86
		{DAA7D375-CD1A-4BA0-BAC1-01C2A3D62FAA}.Release|Any CPU.ActiveCfg = Release|Any CPU
		{DAA7D375-CD1A-4BA0-BAC1-01C2A3D62FAA}.Release|Any CPU.Build.0 = Release|Any CPU
		{DAA7D375-CD1A-4BA0-BAC1-01C2A3D62FAA}.Release|ARM.ActiveCfg = Release|Any CPU
		{DAA7D375-CD1A-4BA0-BAC1-01C2A3D62FAA}.Release|ARM.Build.0 = Release|Any CPU
		{DAA7D375-CD1A-4BA0-BAC1-01C2A3D62FAA}.Release|x64.ActiveCfg = Release|x64
		{DAA7D375-CD1A-4BA0-BAC1-01C2A3D62FAA}.Release|x64.Build.0 = Release|x64
		{DAA7D375-CD1A-4BA0-BAC1-01C2A3D62FAA}.Release|x86.ActiveCfg = Release|x86
		{DAA7D375-CD1A-4BA0-BAC1-01C2A3D62FAA}.Release|x86.Build.0 = Release|x86
		{DAA7D375-CD1A-4BA0-BAC1-01C2A3D62FAA}.Release-Services-x86|Any CPU.ActiveCfg = Release|Any CPU
		{DAA7D375-CD1A-4BA0-BAC1-01C2A3D62FAA}.Release-Services-x86|Any CPU.Build.0 = Release|Any CPU
		{DAA7D375-CD1A-4BA0-BAC1-01C2A3D62FAA}.Release-Services-x86|ARM.ActiveCfg = Release|Any CPU
		{DAA7D375-CD1A-4BA0-BAC1-01C2A3D62FAA}.Release-Services-x86|ARM.Build.0 = Release|Any CPU
		{DAA7D375-CD1A-4BA0-BAC1-01C2A3D62FAA}.Release-Services-x86|x64.ActiveCfg = Release|x64
		{DAA7D375-CD1A-4BA0-BAC1-01C2A3D62FAA}.Release-Services-x86|x64.Build.0 = Release|x64
		{DAA7D375-CD1A-4BA0-BAC1-01C2A3D62FAA}.Release-Services-x86|x86.ActiveCfg = Release|x86
		{DAA7D375-CD1A-4BA0-BAC1-01C2A3D62FAA}.Release-Services-x86|x86.Build.0 = Release|x86
		{DAA7D375-CD1A-4BA0-BAC1-01C2A3D62FAA}.Release-x86|Any CPU.ActiveCfg = Release|Any CPU
		{DAA7D375-CD1A-4BA0-BAC1-01C2A3D62FAA}.Release-x86|Any CPU.Build.0 = Release|Any CPU
		{DAA7D375-CD1A-4BA0-BAC1-01C2A3D62FAA}.Release-x86|ARM.ActiveCfg = Release|Any CPU
		{DAA7D375-CD1A-4BA0-BAC1-01C2A3D62FAA}.Release-x86|ARM.Build.0 = Release|Any CPU
		{DAA7D375-CD1A-4BA0-BAC1-01C2A3D62FAA}.Release-x86|x64.ActiveCfg = Release|x64
		{DAA7D375-CD1A-4BA0-BAC1-01C2A3D62FAA}.Release-x86|x64.Build.0 = Release|x64
		{DAA7D375-CD1A-4BA0-BAC1-01C2A3D62FAA}.Release-x86|x86.ActiveCfg = Release|x86
		{DAA7D375-CD1A-4BA0-BAC1-01C2A3D62FAA}.Release-x86|x86.Build.0 = Release|x86
		{DAA7D375-CD1A-4BA0-BAC1-01C2A3D62FAA}.test|Any CPU.ActiveCfg = Debug-GFA|Any CPU
		{DAA7D375-CD1A-4BA0-BAC1-01C2A3D62FAA}.test|Any CPU.Build.0 = Debug-GFA|Any CPU
		{DAA7D375-CD1A-4BA0-BAC1-01C2A3D62FAA}.test|ARM.ActiveCfg = Debug-GFA|Any CPU
		{DAA7D375-CD1A-4BA0-BAC1-01C2A3D62FAA}.test|ARM.Build.0 = Debug-GFA|Any CPU
		{DAA7D375-CD1A-4BA0-BAC1-01C2A3D62FAA}.test|x64.ActiveCfg = Debug-GFA|x64
		{DAA7D375-CD1A-4BA0-BAC1-01C2A3D62FAA}.test|x64.Build.0 = Debug-GFA|x64
		{DAA7D375-CD1A-4BA0-BAC1-01C2A3D62FAA}.test|x86.ActiveCfg = Debug-GFA|x86
		{DAA7D375-CD1A-4BA0-BAC1-01C2A3D62FAA}.test|x86.Build.0 = Debug-GFA|x86
	EndGlobalSection
	GlobalSection(SolutionProperties) = preSolution
		HideSolutionNode = FALSE
	EndGlobalSection
	GlobalSection(ExtensibilityGlobals) = postSolution
		SolutionGuid = {07AE87B6-98AF-4C91-B500-F4BEEC257A60}
	EndGlobalSection
EndGlobal
