
Microsoft Visual Studio Solution File, Format Version 12.00
# Visual Studio 15
VisualStudioVersion = 15.0.28307.329
MinimumVisualStudioVersion = 10.0.40219.1
Project("{9A19103F-16F7-4668-BE54-9A1E7A4F7556}") = "Casimodo.Lib.Web.Pdf.AppService", "Casimodo.Lib.Web.Pdf.AppService\Casimodo.Lib.Web.Pdf.AppService.csproj", "{770F3783-02EE-4AAA-B6C7-35A77602F8F6}"
EndProject
Global
	GlobalSection(SolutionConfigurationPlatforms) = preSolution
		Debug|x64 = Debug|x64
		Debug|x86 = Debug|x86
		Release|x64 = Release|x64
		Release|x86 = Release|x86
	EndGlobalSection
	GlobalSection(ProjectConfigurationPlatforms) = postSolution
		{770F3783-02EE-4AAA-B6C7-35A77602F8F6}.Debug|x64.ActiveCfg = Debug|x64
		{770F3783-02EE-4AAA-B6C7-35A77602F8F6}.Debug|x64.Build.0 = Debug|x64
		{770F3783-02EE-4AAA-B6C7-35A77602F8F6}.Debug|x86.ActiveCfg = Debug|x86
		{770F3783-02EE-4AAA-B6C7-35A77602F8F6}.Debug|x86.Build.0 = Debug|x86
		{770F3783-02EE-4AAA-B6C7-35A77602F8F6}.Release|x64.ActiveCfg = Release|x64
		{770F3783-02EE-4AAA-B6C7-35A77602F8F6}.Release|x64.Build.0 = Release|x64
		{770F3783-02EE-4AAA-B6C7-35A77602F8F6}.Release|x86.ActiveCfg = Release|x86
		{770F3783-02EE-4AAA-B6C7-35A77602F8F6}.Release|x86.Build.0 = Release|x86
	EndGlobalSection
	GlobalSection(SolutionProperties) = preSolution
		HideSolutionNode = FALSE
	EndGlobalSection
	GlobalSection(ExtensibilityGlobals) = postSolution
		SolutionGuid = {FE70DC59-2AFE-4F1B-BCAA-667248B09D21}
	EndGlobalSection
EndGlobal
