
Microsoft Visual Studio Solution File, Format Version 12.00
# Visual Studio Version 16
VisualStudioVersion = 16.0.30503.244
MinimumVisualStudioVersion = 10.0.40219.1
Project("{FAE04EC0-301F-11D3-BF4B-00C04F79EFBC}") = "Casimodo.Lib.Mojen.Views", "Obsolete\Casimodo.Lib.Mojen.Views\Casimodo.Lib.Mojen.Views.csproj", "{E7B30B2D-E791-4032-80E2-1B4DB4BE4F02}"
EndProject
Project("{FAE04EC0-301F-11D3-BF4B-00C04F79EFBC}") = "Casimodo.Lib.Mojen.Generators", "Obsolete\Casimodo.Lib.Mojen.Generators\Casimodo.Lib.Mojen.Generators.csproj", "{3645F8F3-9172-45F0-AD20-5651B00A7F45}"
EndProject
Project("{FAE04EC0-301F-11D3-BF4B-00C04F79EFBC}") = "Casimodo.Lib.Mojen.Extensions", "Obsolete\Casimodo.Lib.Mojen.Extensions\Casimodo.Lib.Mojen.Extensions.csproj", "{12E22275-66C7-4440-8554-AE51EADF63F2}"
EndProject
Project("{FAE04EC0-301F-11D3-BF4B-00C04F79EFBC}") = "Casimodo.Lib", "Obsolete\Casimodo.Lib\Casimodo.Lib.csproj", "{AB861142-B4E0-4299-9CD4-E17B8295159F}"
EndProject
Project("{FAE04EC0-301F-11D3-BF4B-00C04F79EFBC}") = "Casimodo.Lib.Data", "Obsolete\Casimodo.Lib.Data\Casimodo.Lib.Data.csproj", "{14682976-50A0-4EC3-ADC2-F99B191FE432}"
EndProject
Project("{FAE04EC0-301F-11D3-BF4B-00C04F79EFBC}") = "Casimodo.Lib.TypeBuilder", "Obsolete\Casimodo.Lib.TypeBuilder\Casimodo.Lib.TypeBuilder.csproj", "{7369E6E2-BE36-4E8A-9609-A9EA42FD590B}"
EndProject
Project("{2150E333-8FDC-42A3-9474-1A3956D46DE8}") = "Casimodo", "Casimodo", "{F8263DDE-9500-47E2-BFC3-5B4A89400D0E}"
EndProject
Project("{FAE04EC0-301F-11D3-BF4B-00C04F79EFBC}") = "Casimodo.Lib.Mojen", "Obsolete\Casimodo.Lib.Mojen\Casimodo.Lib.Mojen.csproj", "{CEBD4214-F8B6-4281-9A2E-389555171811}"
EndProject
Global
	GlobalSection(SolutionConfigurationPlatforms) = preSolution
		Debug|Any CPU = Debug|Any CPU
		Debug|x64 = Debug|x64
		Debug|x86 = Debug|x86
		Debug-GFA|Any CPU = Debug-GFA|Any CPU
		Debug-GFA|x64 = Debug-GFA|x64
		Debug-GFA|x86 = Debug-GFA|x86
		Debug-x64|Any CPU = Debug-x64|Any CPU
		Debug-x64|x64 = Debug-x64|x64
		Debug-x64|x86 = Debug-x64|x86
		Release|Any CPU = Release|Any CPU
		Release|x64 = Release|x64
		Release|x86 = Release|x86
	EndGlobalSection
	GlobalSection(ProjectConfigurationPlatforms) = postSolution
		{E7B30B2D-E791-4032-80E2-1B4DB4BE4F02}.Debug|Any CPU.ActiveCfg = Debug|Any CPU
		{E7B30B2D-E791-4032-80E2-1B4DB4BE4F02}.Debug|Any CPU.Build.0 = Debug|Any CPU
		{E7B30B2D-E791-4032-80E2-1B4DB4BE4F02}.Debug|x64.ActiveCfg = Debug|x64
		{E7B30B2D-E791-4032-80E2-1B4DB4BE4F02}.Debug|x64.Build.0 = Debug|x64
		{E7B30B2D-E791-4032-80E2-1B4DB4BE4F02}.Debug|x86.ActiveCfg = Debug|Any CPU
		{E7B30B2D-E791-4032-80E2-1B4DB4BE4F02}.Debug|x86.Build.0 = Debug|Any CPU
		{E7B30B2D-E791-4032-80E2-1B4DB4BE4F02}.Debug-GFA|Any CPU.ActiveCfg = Debug-GFA|Any CPU
		{E7B30B2D-E791-4032-80E2-1B4DB4BE4F02}.Debug-GFA|Any CPU.Build.0 = Debug-GFA|Any CPU
		{E7B30B2D-E791-4032-80E2-1B4DB4BE4F02}.Debug-GFA|x64.ActiveCfg = Debug-GFA|x64
		{E7B30B2D-E791-4032-80E2-1B4DB4BE4F02}.Debug-GFA|x64.Build.0 = Debug-GFA|x64
		{E7B30B2D-E791-4032-80E2-1B4DB4BE4F02}.Debug-GFA|x86.ActiveCfg = Debug-GFA|Any CPU
		{E7B30B2D-E791-4032-80E2-1B4DB4BE4F02}.Debug-GFA|x86.Build.0 = Debug-GFA|Any CPU
		{E7B30B2D-E791-4032-80E2-1B4DB4BE4F02}.Debug-x64|Any CPU.ActiveCfg = Debug-GFA|Any CPU
		{E7B30B2D-E791-4032-80E2-1B4DB4BE4F02}.Debug-x64|Any CPU.Build.0 = Debug-GFA|Any CPU
		{E7B30B2D-E791-4032-80E2-1B4DB4BE4F02}.Debug-x64|x64.ActiveCfg = Debug-GFA|x64
		{E7B30B2D-E791-4032-80E2-1B4DB4BE4F02}.Debug-x64|x64.Build.0 = Debug-GFA|x64
		{E7B30B2D-E791-4032-80E2-1B4DB4BE4F02}.Debug-x64|x86.ActiveCfg = Debug-GFA|Any CPU
		{E7B30B2D-E791-4032-80E2-1B4DB4BE4F02}.Debug-x64|x86.Build.0 = Debug-GFA|Any CPU
		{E7B30B2D-E791-4032-80E2-1B4DB4BE4F02}.Release|Any CPU.ActiveCfg = Release|Any CPU
		{E7B30B2D-E791-4032-80E2-1B4DB4BE4F02}.Release|Any CPU.Build.0 = Release|Any CPU
		{E7B30B2D-E791-4032-80E2-1B4DB4BE4F02}.Release|x64.ActiveCfg = Release|x64
		{E7B30B2D-E791-4032-80E2-1B4DB4BE4F02}.Release|x64.Build.0 = Release|x64
		{E7B30B2D-E791-4032-80E2-1B4DB4BE4F02}.Release|x86.ActiveCfg = Release|Any CPU
		{E7B30B2D-E791-4032-80E2-1B4DB4BE4F02}.Release|x86.Build.0 = Release|Any CPU
		{3645F8F3-9172-45F0-AD20-5651B00A7F45}.Debug|Any CPU.ActiveCfg = Debug|Any CPU
		{3645F8F3-9172-45F0-AD20-5651B00A7F45}.Debug|Any CPU.Build.0 = Debug|Any CPU
		{3645F8F3-9172-45F0-AD20-5651B00A7F45}.Debug|x64.ActiveCfg = Debug|x64
		{3645F8F3-9172-45F0-AD20-5651B00A7F45}.Debug|x64.Build.0 = Debug|x64
		{3645F8F3-9172-45F0-AD20-5651B00A7F45}.Debug|x86.ActiveCfg = Debug|x86
		{3645F8F3-9172-45F0-AD20-5651B00A7F45}.Debug|x86.Build.0 = Debug|x86
		{3645F8F3-9172-45F0-AD20-5651B00A7F45}.Debug-GFA|Any CPU.ActiveCfg = Debug-GFA|Any CPU
		{3645F8F3-9172-45F0-AD20-5651B00A7F45}.Debug-GFA|Any CPU.Build.0 = Debug-GFA|Any CPU
		{3645F8F3-9172-45F0-AD20-5651B00A7F45}.Debug-GFA|x64.ActiveCfg = Debug-GFA|x64
		{3645F8F3-9172-45F0-AD20-5651B00A7F45}.Debug-GFA|x64.Build.0 = Debug-GFA|x64
		{3645F8F3-9172-45F0-AD20-5651B00A7F45}.Debug-GFA|x86.ActiveCfg = Debug-GFA|x86
		{3645F8F3-9172-45F0-AD20-5651B00A7F45}.Debug-GFA|x86.Build.0 = Debug-GFA|x86
		{3645F8F3-9172-45F0-AD20-5651B00A7F45}.Debug-x64|Any CPU.ActiveCfg = Debug-x64|Any CPU
		{3645F8F3-9172-45F0-AD20-5651B00A7F45}.Debug-x64|Any CPU.Build.0 = Debug-x64|Any CPU
		{3645F8F3-9172-45F0-AD20-5651B00A7F45}.Debug-x64|x64.ActiveCfg = Debug-x64|x64
		{3645F8F3-9172-45F0-AD20-5651B00A7F45}.Debug-x64|x64.Build.0 = Debug-x64|x64
		{3645F8F3-9172-45F0-AD20-5651B00A7F45}.Debug-x64|x86.ActiveCfg = Debug-x64|x86
		{3645F8F3-9172-45F0-AD20-5651B00A7F45}.Debug-x64|x86.Build.0 = Debug-x64|x86
		{3645F8F3-9172-45F0-AD20-5651B00A7F45}.Release|Any CPU.ActiveCfg = Release|Any CPU
		{3645F8F3-9172-45F0-AD20-5651B00A7F45}.Release|Any CPU.Build.0 = Release|Any CPU
		{3645F8F3-9172-45F0-AD20-5651B00A7F45}.Release|x64.ActiveCfg = Release|x64
		{3645F8F3-9172-45F0-AD20-5651B00A7F45}.Release|x64.Build.0 = Release|x64
		{3645F8F3-9172-45F0-AD20-5651B00A7F45}.Release|x86.ActiveCfg = Release|x86
		{3645F8F3-9172-45F0-AD20-5651B00A7F45}.Release|x86.Build.0 = Release|x86
		{12E22275-66C7-4440-8554-AE51EADF63F2}.Debug|Any CPU.ActiveCfg = Debug|Any CPU
		{12E22275-66C7-4440-8554-AE51EADF63F2}.Debug|Any CPU.Build.0 = Debug|Any CPU
		{12E22275-66C7-4440-8554-AE51EADF63F2}.Debug|x64.ActiveCfg = Debug|Any CPU
		{12E22275-66C7-4440-8554-AE51EADF63F2}.Debug|x64.Build.0 = Debug|Any CPU
		{12E22275-66C7-4440-8554-AE51EADF63F2}.Debug|x86.ActiveCfg = Debug|Any CPU
		{12E22275-66C7-4440-8554-AE51EADF63F2}.Debug|x86.Build.0 = Debug|Any CPU
		{12E22275-66C7-4440-8554-AE51EADF63F2}.Debug-GFA|Any CPU.ActiveCfg = Debug|Any CPU
		{12E22275-66C7-4440-8554-AE51EADF63F2}.Debug-GFA|Any CPU.Build.0 = Debug|Any CPU
		{12E22275-66C7-4440-8554-AE51EADF63F2}.Debug-GFA|x64.ActiveCfg = Debug|Any CPU
		{12E22275-66C7-4440-8554-AE51EADF63F2}.Debug-GFA|x64.Build.0 = Debug|Any CPU
		{12E22275-66C7-4440-8554-AE51EADF63F2}.Debug-GFA|x86.ActiveCfg = Debug|Any CPU
		{12E22275-66C7-4440-8554-AE51EADF63F2}.Debug-GFA|x86.Build.0 = Debug|Any CPU
		{12E22275-66C7-4440-8554-AE51EADF63F2}.Debug-x64|Any CPU.ActiveCfg = Debug|Any CPU
		{12E22275-66C7-4440-8554-AE51EADF63F2}.Debug-x64|Any CPU.Build.0 = Debug|Any CPU
		{12E22275-66C7-4440-8554-AE51EADF63F2}.Debug-x64|x64.ActiveCfg = Debug|Any CPU
		{12E22275-66C7-4440-8554-AE51EADF63F2}.Debug-x64|x64.Build.0 = Debug|Any CPU
		{12E22275-66C7-4440-8554-AE51EADF63F2}.Debug-x64|x86.ActiveCfg = Debug|Any CPU
		{12E22275-66C7-4440-8554-AE51EADF63F2}.Debug-x64|x86.Build.0 = Debug|Any CPU
		{12E22275-66C7-4440-8554-AE51EADF63F2}.Release|Any CPU.ActiveCfg = Release|Any CPU
		{12E22275-66C7-4440-8554-AE51EADF63F2}.Release|Any CPU.Build.0 = Release|Any CPU
		{12E22275-66C7-4440-8554-AE51EADF63F2}.Release|x64.ActiveCfg = Release|Any CPU
		{12E22275-66C7-4440-8554-AE51EADF63F2}.Release|x64.Build.0 = Release|Any CPU
		{12E22275-66C7-4440-8554-AE51EADF63F2}.Release|x86.ActiveCfg = Release|Any CPU
		{12E22275-66C7-4440-8554-AE51EADF63F2}.Release|x86.Build.0 = Release|Any CPU
		{AB861142-B4E0-4299-9CD4-E17B8295159F}.Debug|Any CPU.ActiveCfg = Debug|Any CPU
		{AB861142-B4E0-4299-9CD4-E17B8295159F}.Debug|Any CPU.Build.0 = Debug|Any CPU
		{AB861142-B4E0-4299-9CD4-E17B8295159F}.Debug|x64.ActiveCfg = Debug|x64
		{AB861142-B4E0-4299-9CD4-E17B8295159F}.Debug|x64.Build.0 = Debug|x64
		{AB861142-B4E0-4299-9CD4-E17B8295159F}.Debug|x86.ActiveCfg = Debug|x86
		{AB861142-B4E0-4299-9CD4-E17B8295159F}.Debug|x86.Build.0 = Debug|x86
		{AB861142-B4E0-4299-9CD4-E17B8295159F}.Debug-GFA|Any CPU.ActiveCfg = Debug-GFA|Any CPU
		{AB861142-B4E0-4299-9CD4-E17B8295159F}.Debug-GFA|Any CPU.Build.0 = Debug-GFA|Any CPU
		{AB861142-B4E0-4299-9CD4-E17B8295159F}.Debug-GFA|x64.ActiveCfg = Debug-GFA|x64
		{AB861142-B4E0-4299-9CD4-E17B8295159F}.Debug-GFA|x64.Build.0 = Debug-GFA|x64
		{AB861142-B4E0-4299-9CD4-E17B8295159F}.Debug-GFA|x86.ActiveCfg = Debug-GFA|x86
		{AB861142-B4E0-4299-9CD4-E17B8295159F}.Debug-GFA|x86.Build.0 = Debug-GFA|x86
		{AB861142-B4E0-4299-9CD4-E17B8295159F}.Debug-x64|Any CPU.ActiveCfg = Debug-x64|Any CPU
		{AB861142-B4E0-4299-9CD4-E17B8295159F}.Debug-x64|Any CPU.Build.0 = Debug-x64|Any CPU
		{AB861142-B4E0-4299-9CD4-E17B8295159F}.Debug-x64|x64.ActiveCfg = Debug-x64|x64
		{AB861142-B4E0-4299-9CD4-E17B8295159F}.Debug-x64|x64.Build.0 = Debug-x64|x64
		{AB861142-B4E0-4299-9CD4-E17B8295159F}.Debug-x64|x86.ActiveCfg = Debug-x64|x86
		{AB861142-B4E0-4299-9CD4-E17B8295159F}.Debug-x64|x86.Build.0 = Debug-x64|x86
		{AB861142-B4E0-4299-9CD4-E17B8295159F}.Release|Any CPU.ActiveCfg = Release|Any CPU
		{AB861142-B4E0-4299-9CD4-E17B8295159F}.Release|Any CPU.Build.0 = Release|Any CPU
		{AB861142-B4E0-4299-9CD4-E17B8295159F}.Release|x64.ActiveCfg = Release|x64
		{AB861142-B4E0-4299-9CD4-E17B8295159F}.Release|x64.Build.0 = Release|x64
		{AB861142-B4E0-4299-9CD4-E17B8295159F}.Release|x86.ActiveCfg = Release|x86
		{AB861142-B4E0-4299-9CD4-E17B8295159F}.Release|x86.Build.0 = Release|x86
		{14682976-50A0-4EC3-ADC2-F99B191FE432}.Debug|Any CPU.ActiveCfg = Debug|Any CPU
		{14682976-50A0-4EC3-ADC2-F99B191FE432}.Debug|Any CPU.Build.0 = Debug|Any CPU
		{14682976-50A0-4EC3-ADC2-F99B191FE432}.Debug|x64.ActiveCfg = Debug|x64
		{14682976-50A0-4EC3-ADC2-F99B191FE432}.Debug|x64.Build.0 = Debug|x64
		{14682976-50A0-4EC3-ADC2-F99B191FE432}.Debug|x86.ActiveCfg = Debug|x86
		{14682976-50A0-4EC3-ADC2-F99B191FE432}.Debug|x86.Build.0 = Debug|x86
		{14682976-50A0-4EC3-ADC2-F99B191FE432}.Debug-GFA|Any CPU.ActiveCfg = Debug|Any CPU
		{14682976-50A0-4EC3-ADC2-F99B191FE432}.Debug-GFA|Any CPU.Build.0 = Debug|Any CPU
		{14682976-50A0-4EC3-ADC2-F99B191FE432}.Debug-GFA|x64.ActiveCfg = Debug|x64
		{14682976-50A0-4EC3-ADC2-F99B191FE432}.Debug-GFA|x64.Build.0 = Debug|x64
		{14682976-50A0-4EC3-ADC2-F99B191FE432}.Debug-GFA|x86.ActiveCfg = Debug|x86
		{14682976-50A0-4EC3-ADC2-F99B191FE432}.Debug-GFA|x86.Build.0 = Debug|x86
		{14682976-50A0-4EC3-ADC2-F99B191FE432}.Debug-x64|Any CPU.ActiveCfg = Debug|Any CPU
		{14682976-50A0-4EC3-ADC2-F99B191FE432}.Debug-x64|Any CPU.Build.0 = Debug|Any CPU
		{14682976-50A0-4EC3-ADC2-F99B191FE432}.Debug-x64|x64.ActiveCfg = Debug|x64
		{14682976-50A0-4EC3-ADC2-F99B191FE432}.Debug-x64|x64.Build.0 = Debug|x64
		{14682976-50A0-4EC3-ADC2-F99B191FE432}.Debug-x64|x86.ActiveCfg = Debug|x86
		{14682976-50A0-4EC3-ADC2-F99B191FE432}.Debug-x64|x86.Build.0 = Debug|x86
		{14682976-50A0-4EC3-ADC2-F99B191FE432}.Release|Any CPU.ActiveCfg = Release|Any CPU
		{14682976-50A0-4EC3-ADC2-F99B191FE432}.Release|Any CPU.Build.0 = Release|Any CPU
		{14682976-50A0-4EC3-ADC2-F99B191FE432}.Release|x64.ActiveCfg = Release|x64
		{14682976-50A0-4EC3-ADC2-F99B191FE432}.Release|x64.Build.0 = Release|x64
		{14682976-50A0-4EC3-ADC2-F99B191FE432}.Release|x86.ActiveCfg = Release|x86
		{14682976-50A0-4EC3-ADC2-F99B191FE432}.Release|x86.Build.0 = Release|x86
		{7369E6E2-BE36-4E8A-9609-A9EA42FD590B}.Debug|Any CPU.ActiveCfg = Debug|Any CPU
		{7369E6E2-BE36-4E8A-9609-A9EA42FD590B}.Debug|Any CPU.Build.0 = Debug|Any CPU
		{7369E6E2-BE36-4E8A-9609-A9EA42FD590B}.Debug|x64.ActiveCfg = Debug|x64
		{7369E6E2-BE36-4E8A-9609-A9EA42FD590B}.Debug|x64.Build.0 = Debug|x64
		{7369E6E2-BE36-4E8A-9609-A9EA42FD590B}.Debug|x86.ActiveCfg = Debug|Any CPU
		{7369E6E2-BE36-4E8A-9609-A9EA42FD590B}.Debug|x86.Build.0 = Debug|Any CPU
		{7369E6E2-BE36-4E8A-9609-A9EA42FD590B}.Debug-GFA|Any CPU.ActiveCfg = Debug-GFA|Any CPU
		{7369E6E2-BE36-4E8A-9609-A9EA42FD590B}.Debug-GFA|Any CPU.Build.0 = Debug-GFA|Any CPU
		{7369E6E2-BE36-4E8A-9609-A9EA42FD590B}.Debug-GFA|x64.ActiveCfg = Debug-GFA|x64
		{7369E6E2-BE36-4E8A-9609-A9EA42FD590B}.Debug-GFA|x64.Build.0 = Debug-GFA|x64
		{7369E6E2-BE36-4E8A-9609-A9EA42FD590B}.Debug-GFA|x86.ActiveCfg = Debug-GFA|Any CPU
		{7369E6E2-BE36-4E8A-9609-A9EA42FD590B}.Debug-GFA|x86.Build.0 = Debug-GFA|Any CPU
		{7369E6E2-BE36-4E8A-9609-A9EA42FD590B}.Debug-x64|Any CPU.ActiveCfg = Debug-GFA|Any CPU
		{7369E6E2-BE36-4E8A-9609-A9EA42FD590B}.Debug-x64|Any CPU.Build.0 = Debug-GFA|Any CPU
		{7369E6E2-BE36-4E8A-9609-A9EA42FD590B}.Debug-x64|x64.ActiveCfg = Debug-GFA|x64
		{7369E6E2-BE36-4E8A-9609-A9EA42FD590B}.Debug-x64|x64.Build.0 = Debug-GFA|x64
		{7369E6E2-BE36-4E8A-9609-A9EA42FD590B}.Debug-x64|x86.ActiveCfg = Debug-GFA|Any CPU
		{7369E6E2-BE36-4E8A-9609-A9EA42FD590B}.Debug-x64|x86.Build.0 = Debug-GFA|Any CPU
		{7369E6E2-BE36-4E8A-9609-A9EA42FD590B}.Release|Any CPU.ActiveCfg = Release|Any CPU
		{7369E6E2-BE36-4E8A-9609-A9EA42FD590B}.Release|Any CPU.Build.0 = Release|Any CPU
		{7369E6E2-BE36-4E8A-9609-A9EA42FD590B}.Release|x64.ActiveCfg = Release|x64
		{7369E6E2-BE36-4E8A-9609-A9EA42FD590B}.Release|x64.Build.0 = Release|x64
		{7369E6E2-BE36-4E8A-9609-A9EA42FD590B}.Release|x86.ActiveCfg = Release|Any CPU
		{7369E6E2-BE36-4E8A-9609-A9EA42FD590B}.Release|x86.Build.0 = Release|Any CPU
		{CEBD4214-F8B6-4281-9A2E-389555171811}.Debug|Any CPU.ActiveCfg = Debug|Any CPU
		{CEBD4214-F8B6-4281-9A2E-389555171811}.Debug|Any CPU.Build.0 = Debug|Any CPU
		{CEBD4214-F8B6-4281-9A2E-389555171811}.Debug|x64.ActiveCfg = Debug|x64
		{CEBD4214-F8B6-4281-9A2E-389555171811}.Debug|x64.Build.0 = Debug|x64
		{CEBD4214-F8B6-4281-9A2E-389555171811}.Debug|x86.ActiveCfg = Debug|x86
		{CEBD4214-F8B6-4281-9A2E-389555171811}.Debug|x86.Build.0 = Debug|x86
		{CEBD4214-F8B6-4281-9A2E-389555171811}.Debug-GFA|Any CPU.ActiveCfg = Debug-GFA|Any CPU
		{CEBD4214-F8B6-4281-9A2E-389555171811}.Debug-GFA|Any CPU.Build.0 = Debug-GFA|Any CPU
		{CEBD4214-F8B6-4281-9A2E-389555171811}.Debug-GFA|x64.ActiveCfg = Debug-GFA|x64
		{CEBD4214-F8B6-4281-9A2E-389555171811}.Debug-GFA|x64.Build.0 = Debug-GFA|x64
		{CEBD4214-F8B6-4281-9A2E-389555171811}.Debug-GFA|x86.ActiveCfg = Debug-GFA|x86
		{CEBD4214-F8B6-4281-9A2E-389555171811}.Debug-GFA|x86.Build.0 = Debug-GFA|x86
		{CEBD4214-F8B6-4281-9A2E-389555171811}.Debug-x64|Any CPU.ActiveCfg = Debug-x64|Any CPU
		{CEBD4214-F8B6-4281-9A2E-389555171811}.Debug-x64|Any CPU.Build.0 = Debug-x64|Any CPU
		{CEBD4214-F8B6-4281-9A2E-389555171811}.Debug-x64|x64.ActiveCfg = Debug-x64|x64
		{CEBD4214-F8B6-4281-9A2E-389555171811}.Debug-x64|x64.Build.0 = Debug-x64|x64
		{CEBD4214-F8B6-4281-9A2E-389555171811}.Debug-x64|x86.ActiveCfg = Debug-x64|x86
		{CEBD4214-F8B6-4281-9A2E-389555171811}.Debug-x64|x86.Build.0 = Debug-x64|x86
		{CEBD4214-F8B6-4281-9A2E-389555171811}.Release|Any CPU.ActiveCfg = Release|Any CPU
		{CEBD4214-F8B6-4281-9A2E-389555171811}.Release|Any CPU.Build.0 = Release|Any CPU
		{CEBD4214-F8B6-4281-9A2E-389555171811}.Release|x64.ActiveCfg = Release|x64
		{CEBD4214-F8B6-4281-9A2E-389555171811}.Release|x64.Build.0 = Release|x64
		{CEBD4214-F8B6-4281-9A2E-389555171811}.Release|x86.ActiveCfg = Release|x86
		{CEBD4214-F8B6-4281-9A2E-389555171811}.Release|x86.Build.0 = Release|x86
	EndGlobalSection
	GlobalSection(SolutionProperties) = preSolution
		HideSolutionNode = FALSE
	EndGlobalSection
	GlobalSection(NestedProjects) = preSolution
		{AB861142-B4E0-4299-9CD4-E17B8295159F} = {F8263DDE-9500-47E2-BFC3-5B4A89400D0E}
		{14682976-50A0-4EC3-ADC2-F99B191FE432} = {F8263DDE-9500-47E2-BFC3-5B4A89400D0E}
		{7369E6E2-BE36-4E8A-9609-A9EA42FD590B} = {F8263DDE-9500-47E2-BFC3-5B4A89400D0E}
	EndGlobalSection
	GlobalSection(ExtensibilityGlobals) = postSolution
		SolutionGuid = {B5450C6D-E4BF-4BD2-B194-2F8D19A4E425}
	EndGlobalSection
EndGlobal
